// !$*UTF8*$!
{
	archiveVersion = 1;
	classes = {
	};
	objectVersion = 46;
	objects = {

/* Begin PBXBuildFile section */
		233B2A5C1BE8E11F0032447A /* mUi.cpp in Sources */ = {isa = PBXBuildFile; fileRef = 233B2A5A1BE8E11F0032447A /* mUi.cpp */; settings = {ASSET_TAGS = (); }; };
		234C8B281BB96A3B00E61132 /* libassimpd.3.1.1.dylib in Frameworks */ = {isa = PBXBuildFile; fileRef = 234C8B271BB96A3B00E61132 /* libassimpd.3.1.1.dylib */; };
		234C8B291BB96A4600E61132 /* libassimpd.3.1.1.dylib in CopyFiles */ = {isa = PBXBuildFile; fileRef = 234C8B271BB96A3B00E61132 /* libassimpd.3.1.1.dylib */; };
		23A4AF551BB2DE3100948D72 /* content.cpp in Sources */ = {isa = PBXBuildFile; fileRef = 23A4AF531BB2DE3100948D72 /* content.cpp */; settings = {ASSET_TAGS = (); }; };
		23B31B581C05E3B6004E31C9 /* cLua.cpp in Sources */ = {isa = PBXBuildFile; fileRef = 23B31B561C05E3B6004E31C9 /* cLua.cpp */; settings = {ASSET_TAGS = (); }; };
		23C2AAFD1BCBD8C00043F141 /* file.cpp in Sources */ = {isa = PBXBuildFile; fileRef = 23C2AAFB1BCBD8C00043F141 /* file.cpp */; settings = {ASSET_TAGS = (); }; };
		23C59A321BCD305B00A37E29 /* mLog.cpp in Sources */ = {isa = PBXBuildFile; fileRef = 23C59A301BCD305B00A37E29 /* mLog.cpp */; settings = {ASSET_TAGS = (); }; };
		23C59A361BCD3ACA00A37E29 /* mInput.cpp in Sources */ = {isa = PBXBuildFile; fileRef = 23C59A341BCD3ACA00A37E29 /* mInput.cpp */; settings = {ASSET_TAGS = (); }; };
		23C8BF471C0DA07A000EFD05 /* mMeshRenderer.cpp in Sources */ = {isa = PBXBuildFile; fileRef = 23C8BF451C0DA07A000EFD05 /* mMeshRenderer.cpp */; settings = {ASSET_TAGS = (); }; };
		23CBC8741BB2A8E000C02E36 /* libluajit-5.1.2.0.4.dylib in Frameworks */ = {isa = PBXBuildFile; fileRef = 23CBC8731BB2A8E000C02E36 /* libluajit-5.1.2.0.4.dylib */; };
		23D328D11C0F034700FAC4B9 /* mImport.cpp in Sources */ = {isa = PBXBuildFile; fileRef = 23D328CF1C0F034600FAC4B9 /* mImport.cpp */; settings = {ASSET_TAGS = (); }; };
		23E1BD851C0C784C00F49BCF /* mMaterial.cpp in Sources */ = {isa = PBXBuildFile; fileRef = 23E1BD831C0C784C00F49BCF /* mMaterial.cpp */; settings = {ASSET_TAGS = (); }; };
		23E1BD881C0C7A7900F49BCF /* mModel.cpp in Sources */ = {isa = PBXBuildFile; fileRef = 23E1BD861C0C7A7900F49BCF /* mModel.cpp */; settings = {ASSET_TAGS = (); }; };
		23E1BD8B1C0C8DBF00F49BCF /* mShader.cpp in Sources */ = {isa = PBXBuildFile; fileRef = 23E1BD891C0C8DBF00F49BCF /* mShader.cpp */; settings = {ASSET_TAGS = (); }; };
		23E22F5F1BE9FEBA00987545 /* uiSystem.cpp in Sources */ = {isa = PBXBuildFile; fileRef = 23E22F5D1BE9FEBA00987545 /* uiSystem.cpp */; settings = {ASSET_TAGS = (); COMPILER_FLAGS = "-w"; }; };
		23EE7EC31BC686020006581F /* Engine.cpp in Sources */ = {isa = PBXBuildFile; fileRef = 23EE7EC11BC686020006581F /* Engine.cpp */; settings = {ASSET_TAGS = (); }; };
		23EE7EE41BC6C2B90006581F /* console.cpp in Sources */ = {isa = PBXBuildFile; fileRef = 23EE7EE21BC6C2B90006581F /* console.cpp */; settings = {ASSET_TAGS = (); }; };
		23FEEEA51BF0EE8600A83377 /* command.cpp in Sources */ = {isa = PBXBuildFile; fileRef = 23FEEEA41BF0EE8600A83377 /* command.cpp */; settings = {ASSET_TAGS = (); }; };
		E50529251BE8CD650017400B /* engine_event_system.cpp in Sources */ = {isa = PBXBuildFile; fileRef = E505291F1BE8CD650017400B /* engine_event_system.cpp */; settings = {ASSET_TAGS = (); }; };
		E50529261BE8CD650017400B /* luaSystem.cpp in Sources */ = {isa = PBXBuildFile; fileRef = E50529211BE8CD650017400B /* luaSystem.cpp */; settings = {ASSET_TAGS = (); }; };
		E50529271BE8CD650017400B /* renderer.cpp in Sources */ = {isa = PBXBuildFile; fileRef = E50529231BE8CD650017400B /* renderer.cpp */; settings = {ASSET_TAGS = (); }; };
		E50529431BE8CDBA0017400B /* shader.cpp in Sources */ = {isa = PBXBuildFile; fileRef = E505293F1BE8CDBA0017400B /* shader.cpp */; settings = {ASSET_TAGS = (); }; };
		E50529441BE8CDBA0017400B /* texture.cpp in Sources */ = {isa = PBXBuildFile; fileRef = E50529411BE8CDBA0017400B /* texture.cpp */; settings = {ASSET_TAGS = (); }; };
		E50529501BE8CDC90017400B /* imgui_demo.cpp in Sources */ = {isa = PBXBuildFile; fileRef = E50529461BE8CDC90017400B /* imgui_demo.cpp */; settings = {ASSET_TAGS = (); }; };
		E50529511BE8CDC90017400B /* imgui_draw.cpp in Sources */ = {isa = PBXBuildFile; fileRef = E50529471BE8CDC90017400B /* imgui_draw.cpp */; settings = {ASSET_TAGS = (); }; };
		E50529521BE8CDC90017400B /* imgui_impl_sdl.cpp in Sources */ = {isa = PBXBuildFile; fileRef = E50529481BE8CDC90017400B /* imgui_impl_sdl.cpp */; settings = {ASSET_TAGS = (); }; };
		E50529531BE8CDC90017400B /* imgui.cpp in Sources */ = {isa = PBXBuildFile; fileRef = E505294B1BE8CDC90017400B /* imgui.cpp */; settings = {ASSET_TAGS = (); }; };
		E50529561BE8CDD50017400B /* RtMidi.cpp in Sources */ = {isa = PBXBuildFile; fileRef = E50529541BE8CDD50017400B /* RtMidi.cpp */; settings = {ASSET_TAGS = (); }; };
		E505295B1BE8CDE50017400B /* Clock.cpp in Sources */ = {isa = PBXBuildFile; fileRef = E50529571BE8CDE50017400B /* Clock.cpp */; settings = {ASSET_TAGS = (); }; };
		E50529661BE8CE0A0017400B /* cCamera.cpp in Sources */ = {isa = PBXBuildFile; fileRef = E505295D1BE8CE0A0017400B /* cCamera.cpp */; settings = {ASSET_TAGS = (); }; };
		E50529691BE8CE0A0017400B /* cTransform.cpp in Sources */ = {isa = PBXBuildFile; fileRef = E50529641BE8CE0A0017400B /* cTransform.cpp */; settings = {ASSET_TAGS = (); }; };
		E505296C1BE8EF020017400B /* entity.cpp in Sources */ = {isa = PBXBuildFile; fileRef = E505296A1BE8EF020017400B /* entity.cpp */; settings = {ASSET_TAGS = (); }; };
		E514AF591BD16E5800E7E2C5 /* TCPData.cpp in Sources */ = {isa = PBXBuildFile; fileRef = E514AF571BD16E5800E7E2C5 /* TCPData.cpp */; settings = {ASSET_TAGS = (); }; };
		E537687A1BA6D3CE00D0BC14 /* OpenGL.framework in Frameworks */ = {isa = PBXBuildFile; fileRef = E53768791BA6D3CE00D0BC14 /* OpenGL.framework */; };
		E53CB22C1BECA88C004B0F58 /* FileWatcher.cpp in Sources */ = {isa = PBXBuildFile; fileRef = E53CB2231BECA88C004B0F58 /* FileWatcher.cpp */; settings = {ASSET_TAGS = (); }; };
		E53CB22D1BECA88C004B0F58 /* FileWatcherLinux.cpp in Sources */ = {isa = PBXBuildFile; fileRef = E53CB2261BECA88C004B0F58 /* FileWatcherLinux.cpp */; settings = {ASSET_TAGS = (); }; };
		E53CB22E1BECA88C004B0F58 /* FileWatcherOSX.cpp in Sources */ = {isa = PBXBuildFile; fileRef = E53CB2281BECA88C004B0F58 /* FileWatcherOSX.cpp */; settings = {ASSET_TAGS = (); COMPILER_FLAGS = "-w"; }; };
		E53CB22F1BECA88C004B0F58 /* FileWatcherWin32.cpp in Sources */ = {isa = PBXBuildFile; fileRef = E53CB22A1BECA88C004B0F58 /* FileWatcherWin32.cpp */; settings = {ASSET_TAGS = (); }; };
		E53CB2321BECC529004B0F58 /* file_watcher_impl.cpp in Sources */ = {isa = PBXBuildFile; fileRef = E53CB2301BECC529004B0F58 /* file_watcher_impl.cpp */; settings = {ASSET_TAGS = (); }; };
		E54725FE1BC69F1300316B26 /* SDL2_net.framework in Frameworks */ = {isa = PBXBuildFile; fileRef = E54725FD1BC69F1300316B26 /* SDL2_net.framework */; };
		E547260A1BC6A74E00316B26 /* TCPClient.cpp in Sources */ = {isa = PBXBuildFile; fileRef = E54726041BC6A74E00316B26 /* TCPClient.cpp */; settings = {ASSET_TAGS = (); }; };
		E547260B1BC6A74E00316B26 /* TCPServer.cpp in Sources */ = {isa = PBXBuildFile; fileRef = E54726061BC6A74E00316B26 /* TCPServer.cpp */; settings = {ASSET_TAGS = (); }; };
		E547260C1BC6A74E00316B26 /* UDPMessage.cpp in Sources */ = {isa = PBXBuildFile; fileRef = E54726081BC6A74E00316B26 /* UDPMessage.cpp */; settings = {ASSET_TAGS = (); }; };
		E54726101BC6A78F00316B26 /* base64.cpp in Sources */ = {isa = PBXBuildFile; fileRef = E547260E1BC6A78F00316B26 /* base64.cpp */; settings = {ASSET_TAGS = (); COMPILER_FLAGS = "-w"; }; };
		E54D30911BB29675006FBC68 /* libGLEW.dylib in Frameworks */ = {isa = PBXBuildFile; fileRef = E54D30901BB29675006FBC68 /* libGLEW.dylib */; };
		E55F88E01BEBA48C00433973 /* cMeshRenderer.cpp in Sources */ = {isa = PBXBuildFile; fileRef = E55F88DE1BEBA48C00433973 /* cMeshRenderer.cpp */; settings = {ASSET_TAGS = (); }; };
		E55F88E31BEBB22A00433973 /* material.cpp in Sources */ = {isa = PBXBuildFile; fileRef = E55F88E11BEBB22A00433973 /* material.cpp */; settings = {ASSET_TAGS = (); }; };
		E567A8F91BB1470200B8F6C3 /* main.cpp in Sources */ = {isa = PBXBuildFile; fileRef = E567A8EF1BB1470200B8F6C3 /* main.cpp */; settings = {ASSET_TAGS = (); }; };
		E56F55861BEB4C3F0027DDF6 /* resource_manager.cpp in Sources */ = {isa = PBXBuildFile; fileRef = E56F55841BEB4C3F0027DDF6 /* resource_manager.cpp */; settings = {ASSET_TAGS = (); }; };
		E59E13381BC04C3800DBD349 /* libluajit-5.1.2.0.4.dylib in CopyFiles */ = {isa = PBXBuildFile; fileRef = 23CBC8731BB2A8E000C02E36 /* libluajit-5.1.2.0.4.dylib */; };
		E59FDC901BBAC0EE008935C5 /* helperFunctions.cpp in Sources */ = {isa = PBXBuildFile; fileRef = E59FDC8C1BBAC0EE008935C5 /* helperFunctions.cpp */; settings = {ASSET_TAGS = (); }; };
		E59FDC911BBAC0EE008935C5 /* random.cpp in Sources */ = {isa = PBXBuildFile; fileRef = E59FDC8E1BBAC0EE008935C5 /* random.cpp */; settings = {ASSET_TAGS = (); }; };
		E5B282801BCAE76500759348 /* Input.cpp in Sources */ = {isa = PBXBuildFile; fileRef = E5B2827E1BCAE76500759348 /* Input.cpp */; settings = {ASSET_TAGS = (); }; };
		E5B2828A1BCD4DA300759348 /* CoreMIDI.framework in Frameworks */ = {isa = PBXBuildFile; fileRef = E5B282891BCD4DA300759348 /* CoreMIDI.framework */; };
		E5D664DC1BC16C390042350B /* SDL2.framework in Frameworks */ = {isa = PBXBuildFile; fileRef = E5D664DB1BC16C390042350B /* SDL2.framework */; };
		E5D9F8E51BE247C7005AFAB1 /* mEntity.cpp in Sources */ = {isa = PBXBuildFile; fileRef = E5D9F8E41BE247C7005AFAB1 /* mEntity.cpp */; settings = {ASSET_TAGS = (); }; };
		E5DEBDC71C0B5934009F0FB4 /* opengl_common.cpp in Sources */ = {isa = PBXBuildFile; fileRef = E5DEBDC51C0B5934009F0FB4 /* opengl_common.cpp */; settings = {ASSET_TAGS = (); }; };
		E5ED45BC1C05F93C0009BD5A /* importer_imp.cpp in Sources */ = {isa = PBXBuildFile; fileRef = E5ED45B81C05F93C0009BD5A /* importer_imp.cpp */; settings = {ASSET_TAGS = (); }; };
		E5ED45BD1C05F93C0009BD5A /* importer.cpp in Sources */ = {isa = PBXBuildFile; fileRef = E5ED45BA1C05F93C0009BD5A /* importer.cpp */; settings = {ASSET_TAGS = (); }; };
		E5ED45C31C05F95B0009BD5A /* mesh.cpp in Sources */ = {isa = PBXBuildFile; fileRef = E5ED45C01C05F95B0009BD5A /* mesh.cpp */; settings = {ASSET_TAGS = (); }; };
		E5EF59021BB95EDD00F85754 /* libGLEW.dylib in CopyFiles */ = {isa = PBXBuildFile; fileRef = E54D30901BB29675006FBC68 /* libGLEW.dylib */; };
		E5F4A36A1BCE59A1000C8876 /* CoreAudio.framework in Frameworks */ = {isa = PBXBuildFile; fileRef = E5F4A3691BCE59A1000C8876 /* CoreAudio.framework */; };
		E5F4A36C1BCE59B4000C8876 /* CoreFoundation.framework in Frameworks */ = {isa = PBXBuildFile; fileRef = E5F4A36B1BCE59B4000C8876 /* CoreFoundation.framework */; };
		E5FDC8361BF4A3E400312151 /* libfmod.dylib in Frameworks */ = {isa = PBXBuildFile; fileRef = E5FDC8341BF4A3E400312151 /* libfmod.dylib */; };
		E5FDC8371BF4A3E400312151 /* libfmodL.dylib in Frameworks */ = {isa = PBXBuildFile; fileRef = E5FDC8351BF4A3E400312151 /* libfmodL.dylib */; };
		E5FDC83A1BF4A3FA00312151 /* libfmodstudio.dylib in Frameworks */ = {isa = PBXBuildFile; fileRef = E5FDC8381BF4A3FA00312151 /* libfmodstudio.dylib */; };
		E5FDC83B1BF4A3FA00312151 /* libfmodstudioL.dylib in Frameworks */ = {isa = PBXBuildFile; fileRef = E5FDC8391BF4A3FA00312151 /* libfmodstudioL.dylib */; };
		E5FDC83C1BF4A40600312151 /* libfmodstudio.dylib in CopyFiles */ = {isa = PBXBuildFile; fileRef = E5FDC8381BF4A3FA00312151 /* libfmodstudio.dylib */; };
		E5FDC83D1BF4A40600312151 /* libfmodstudioL.dylib in CopyFiles */ = {isa = PBXBuildFile; fileRef = E5FDC8391BF4A3FA00312151 /* libfmodstudioL.dylib */; };
		E5FDC83E1BF4A40600312151 /* libfmod.dylib in CopyFiles */ = {isa = PBXBuildFile; fileRef = E5FDC8341BF4A3E400312151 /* libfmod.dylib */; };
		E5FDC83F1BF4A40600312151 /* libfmodL.dylib in CopyFiles */ = {isa = PBXBuildFile; fileRef = E5FDC8351BF4A3E400312151 /* libfmodL.dylib */; };
/* End PBXBuildFile section */

/* Begin PBXCopyFilesBuildPhase section */
		E537686D1BA6D3B600D0BC14 /* CopyFiles */ = {
			isa = PBXCopyFilesBuildPhase;
			buildActionMask = 12;
			dstPath = "";
			dstSubfolderSpec = 16;
			files = (
				E5FDC83C1BF4A40600312151 /* libfmodstudio.dylib in CopyFiles */,
				E5FDC83D1BF4A40600312151 /* libfmodstudioL.dylib in CopyFiles */,
				E5FDC83E1BF4A40600312151 /* libfmod.dylib in CopyFiles */,
				E5FDC83F1BF4A40600312151 /* libfmodL.dylib in CopyFiles */,
				E59E13381BC04C3800DBD349 /* libluajit-5.1.2.0.4.dylib in CopyFiles */,
				234C8B291BB96A4600E61132 /* libassimpd.3.1.1.dylib in CopyFiles */,
				E5EF59021BB95EDD00F85754 /* libGLEW.dylib in CopyFiles */,
			);
			runOnlyForDeploymentPostprocessing = 0;
		};
/* End PBXCopyFilesBuildPhase section */

/* Begin PBXFileReference section */
		23040E021BDF78E800662A1B /* mAll.h */ = {isa = PBXFileReference; lastKnownFileType = sourcecode.c.h; name = mAll.h; path = src/Modules/mAll.h; sourceTree = SOURCE_ROOT; };
		233B2A5A1BE8E11F0032447A /* mUi.cpp */ = {isa = PBXFileReference; fileEncoding = 4; lastKnownFileType = sourcecode.cpp.cpp; name = mUi.cpp; path = src/Modules/mUi.cpp; sourceTree = SOURCE_ROOT; };
		233B2A5B1BE8E11F0032447A /* mUi.h */ = {isa = PBXFileReference; fileEncoding = 4; lastKnownFileType = sourcecode.c.h; name = mUi.h; path = src/Modules/mUi.h; sourceTree = SOURCE_ROOT; };
		234C8B271BB96A3B00E61132 /* libassimpd.3.1.1.dylib */ = {isa = PBXFileReference; lastKnownFileType = "compiled.mach-o.dylib"; name = libassimpd.3.1.1.dylib; path = Framework/assimp/Debug/libassimpd.3.1.1.dylib; sourceTree = "<group>"; };
		23A4AF531BB2DE3100948D72 /* content.cpp */ = {isa = PBXFileReference; fileEncoding = 4; lastKnownFileType = sourcecode.cpp.cpp; name = content.cpp; path = src/content.cpp; sourceTree = SOURCE_ROOT; };
		23A4AF541BB2DE3100948D72 /* content.h */ = {isa = PBXFileReference; fileEncoding = 4; lastKnownFileType = sourcecode.c.h; name = content.h; path = src/content.h; sourceTree = SOURCE_ROOT; };
		23B31B561C05E3B6004E31C9 /* cLua.cpp */ = {isa = PBXFileReference; fileEncoding = 4; lastKnownFileType = sourcecode.cpp.cpp; name = cLua.cpp; path = src/Components/cLua.cpp; sourceTree = SOURCE_ROOT; };
		23B31B571C05E3B6004E31C9 /* cLua.h */ = {isa = PBXFileReference; fileEncoding = 4; lastKnownFileType = sourcecode.c.h; name = cLua.h; path = src/Components/cLua.h; sourceTree = SOURCE_ROOT; };
		23C2AAFB1BCBD8C00043F141 /* file.cpp */ = {isa = PBXFileReference; fileEncoding = 4; lastKnownFileType = sourcecode.cpp.cpp; name = file.cpp; path = src/IO/file.cpp; sourceTree = SOURCE_ROOT; };
		23C2AAFC1BCBD8C00043F141 /* file.h */ = {isa = PBXFileReference; fileEncoding = 4; lastKnownFileType = sourcecode.c.h; name = file.h; path = src/IO/file.h; sourceTree = SOURCE_ROOT; };
		23C59A301BCD305B00A37E29 /* mLog.cpp */ = {isa = PBXFileReference; fileEncoding = 4; lastKnownFileType = sourcecode.cpp.cpp; name = mLog.cpp; path = src/Modules/mLog.cpp; sourceTree = SOURCE_ROOT; };
		23C59A311BCD305B00A37E29 /* mLog.h */ = {isa = PBXFileReference; fileEncoding = 4; lastKnownFileType = sourcecode.c.h; name = mLog.h; path = src/Modules/mLog.h; sourceTree = SOURCE_ROOT; };
		23C59A331BCD382300A37E29 /* moduleMacros.h */ = {isa = PBXFileReference; lastKnownFileType = sourcecode.c.h; name = moduleMacros.h; path = src/Modules/moduleMacros.h; sourceTree = SOURCE_ROOT; };
		23C59A341BCD3ACA00A37E29 /* mInput.cpp */ = {isa = PBXFileReference; fileEncoding = 4; lastKnownFileType = sourcecode.cpp.cpp; name = mInput.cpp; path = src/Modules/mInput.cpp; sourceTree = SOURCE_ROOT; };
		23C59A351BCD3ACA00A37E29 /* mInput.h */ = {isa = PBXFileReference; fileEncoding = 4; lastKnownFileType = sourcecode.c.h; name = mInput.h; path = src/Modules/mInput.h; sourceTree = SOURCE_ROOT; };
		23C8BF451C0DA07A000EFD05 /* mMeshRenderer.cpp */ = {isa = PBXFileReference; fileEncoding = 4; lastKnownFileType = sourcecode.cpp.cpp; name = mMeshRenderer.cpp; path = src/Modules/mMeshRenderer.cpp; sourceTree = SOURCE_ROOT; };
		23C8BF461C0DA07A000EFD05 /* mMeshRenderer.h */ = {isa = PBXFileReference; fileEncoding = 4; lastKnownFileType = sourcecode.c.h; name = mMeshRenderer.h; path = src/Modules/mMeshRenderer.h; sourceTree = SOURCE_ROOT; };
		23CBC8731BB2A8E000C02E36 /* libluajit-5.1.2.0.4.dylib */ = {isa = PBXFileReference; lastKnownFileType = "compiled.mach-o.dylib"; name = "libluajit-5.1.2.0.4.dylib"; path = "Framework/LJIT/lib/libluajit-5.1.2.0.4.dylib"; sourceTree = "<group>"; };
		23D328CF1C0F034600FAC4B9 /* mImport.cpp */ = {isa = PBXFileReference; fileEncoding = 4; lastKnownFileType = sourcecode.cpp.cpp; name = mImport.cpp; path = src/Modules/mImport.cpp; sourceTree = SOURCE_ROOT; };
		23D328D01C0F034600FAC4B9 /* mImport.h */ = {isa = PBXFileReference; fileEncoding = 4; lastKnownFileType = sourcecode.c.h; name = mImport.h; path = src/Modules/mImport.h; sourceTree = SOURCE_ROOT; };
		23E1BD831C0C784C00F49BCF /* mMaterial.cpp */ = {isa = PBXFileReference; fileEncoding = 4; lastKnownFileType = sourcecode.cpp.cpp; name = mMaterial.cpp; path = src/Modules/mMaterial.cpp; sourceTree = SOURCE_ROOT; };
		23E1BD841C0C784C00F49BCF /* mMaterial.h */ = {isa = PBXFileReference; fileEncoding = 4; lastKnownFileType = sourcecode.c.h; name = mMaterial.h; path = src/Modules/mMaterial.h; sourceTree = SOURCE_ROOT; };
		23E1BD861C0C7A7900F49BCF /* mModel.cpp */ = {isa = PBXFileReference; fileEncoding = 4; lastKnownFileType = sourcecode.cpp.cpp; name = mModel.cpp; path = src/Modules/mModel.cpp; sourceTree = SOURCE_ROOT; };
		23E1BD871C0C7A7900F49BCF /* mModel.h */ = {isa = PBXFileReference; fileEncoding = 4; lastKnownFileType = sourcecode.c.h; name = mModel.h; path = src/Modules/mModel.h; sourceTree = SOURCE_ROOT; };
		23E1BD891C0C8DBF00F49BCF /* mShader.cpp */ = {isa = PBXFileReference; fileEncoding = 4; lastKnownFileType = sourcecode.cpp.cpp; name = mShader.cpp; path = src/Modules/mShader.cpp; sourceTree = SOURCE_ROOT; };
		23E1BD8A1C0C8DBF00F49BCF /* mShader.h */ = {isa = PBXFileReference; fileEncoding = 4; lastKnownFileType = sourcecode.c.h; name = mShader.h; path = src/Modules/mShader.h; sourceTree = SOURCE_ROOT; };
		23E22F5D1BE9FEBA00987545 /* uiSystem.cpp */ = {isa = PBXFileReference; fileEncoding = 4; lastKnownFileType = sourcecode.cpp.cpp; name = uiSystem.cpp; path = src/Systems/uiSystem.cpp; sourceTree = SOURCE_ROOT; };
		23E22F5E1BE9FEBA00987545 /* uiSystem.h */ = {isa = PBXFileReference; fileEncoding = 4; lastKnownFileType = sourcecode.c.h; name = uiSystem.h; path = src/Systems/uiSystem.h; sourceTree = SOURCE_ROOT; };
		23EE7EC11BC686020006581F /* Engine.cpp */ = {isa = PBXFileReference; fileEncoding = 4; lastKnownFileType = sourcecode.cpp.cpp; name = Engine.cpp; path = src/Engine.cpp; sourceTree = SOURCE_ROOT; };
		23EE7EC21BC686020006581F /* Engine.h */ = {isa = PBXFileReference; fileEncoding = 4; lastKnownFileType = sourcecode.c.h; name = Engine.h; path = src/Engine.h; sourceTree = SOURCE_ROOT; };
		23EE7EE21BC6C2B90006581F /* console.cpp */ = {isa = PBXFileReference; fileEncoding = 4; lastKnownFileType = sourcecode.cpp.cpp; name = console.cpp; path = src/console.cpp; sourceTree = SOURCE_ROOT; };
		23EE7EE31BC6C2B90006581F /* console.h */ = {isa = PBXFileReference; fileEncoding = 4; lastKnownFileType = sourcecode.c.h; name = console.h; path = src/console.h; sourceTree = SOURCE_ROOT; };
		23FEEEA31BF0B0BD00A83377 /* command.h */ = {isa = PBXFileReference; lastKnownFileType = sourcecode.c.h; path = command.h; sourceTree = "<group>"; };
		23FEEEA41BF0EE8600A83377 /* command.cpp */ = {isa = PBXFileReference; fileEncoding = 4; lastKnownFileType = sourcecode.cpp.cpp; path = command.cpp; sourceTree = "<group>"; };
		E500A48C1BEB5A33009A9095 /* data_types.h */ = {isa = PBXFileReference; fileEncoding = 4; lastKnownFileType = sourcecode.c.h; name = data_types.h; path = src/DataStructure/data_types.h; sourceTree = SOURCE_ROOT; };
		E505291E1BE8CD650017400B /* componentSystem.h */ = {isa = PBXFileReference; fileEncoding = 4; lastKnownFileType = sourcecode.c.h; name = componentSystem.h; path = src/Systems/componentSystem.h; sourceTree = SOURCE_ROOT; };
		E505291F1BE8CD650017400B /* engine_event_system.cpp */ = {isa = PBXFileReference; fileEncoding = 4; lastKnownFileType = sourcecode.cpp.cpp; name = engine_event_system.cpp; path = src/Systems/engine_event_system.cpp; sourceTree = SOURCE_ROOT; };
		E50529201BE8CD650017400B /* engine_event_system.h */ = {isa = PBXFileReference; fileEncoding = 4; lastKnownFileType = sourcecode.c.h; name = engine_event_system.h; path = src/Systems/engine_event_system.h; sourceTree = SOURCE_ROOT; };
		E50529211BE8CD650017400B /* luaSystem.cpp */ = {isa = PBXFileReference; fileEncoding = 4; lastKnownFileType = sourcecode.cpp.cpp; name = luaSystem.cpp; path = src/Systems/luaSystem.cpp; sourceTree = SOURCE_ROOT; };
		E50529221BE8CD650017400B /* luaSystem.h */ = {isa = PBXFileReference; fileEncoding = 4; lastKnownFileType = sourcecode.c.h; name = luaSystem.h; path = src/Systems/luaSystem.h; sourceTree = SOURCE_ROOT; };
		E50529231BE8CD650017400B /* renderer.cpp */ = {isa = PBXFileReference; fileEncoding = 4; lastKnownFileType = sourcecode.cpp.cpp; name = renderer.cpp; path = src/Systems/renderer.cpp; sourceTree = SOURCE_ROOT; };
		E50529241BE8CD650017400B /* renderer.h */ = {isa = PBXFileReference; fileEncoding = 4; lastKnownFileType = sourcecode.c.h; name = renderer.h; path = src/Systems/renderer.h; sourceTree = SOURCE_ROOT; };
		E505293F1BE8CDBA0017400B /* shader.cpp */ = {isa = PBXFileReference; fileEncoding = 4; lastKnownFileType = sourcecode.cpp.cpp; name = shader.cpp; path = src/DataStructure/shader.cpp; sourceTree = SOURCE_ROOT; };
		E50529401BE8CDBA0017400B /* shader.h */ = {isa = PBXFileReference; fileEncoding = 4; lastKnownFileType = sourcecode.c.h; name = shader.h; path = src/DataStructure/shader.h; sourceTree = SOURCE_ROOT; };
		E50529411BE8CDBA0017400B /* texture.cpp */ = {isa = PBXFileReference; fileEncoding = 4; lastKnownFileType = sourcecode.cpp.cpp; name = texture.cpp; path = src/DataStructure/texture.cpp; sourceTree = SOURCE_ROOT; };
		E50529421BE8CDBA0017400B /* texture.h */ = {isa = PBXFileReference; fileEncoding = 4; lastKnownFileType = sourcecode.c.h; name = texture.h; path = src/DataStructure/texture.h; sourceTree = SOURCE_ROOT; };
		E50529451BE8CDC90017400B /* imconfig.h */ = {isa = PBXFileReference; fileEncoding = 4; lastKnownFileType = sourcecode.c.h; name = imconfig.h; path = src/ImGUI/imconfig.h; sourceTree = SOURCE_ROOT; };
		E50529461BE8CDC90017400B /* imgui_demo.cpp */ = {isa = PBXFileReference; fileEncoding = 4; lastKnownFileType = sourcecode.cpp.cpp; name = imgui_demo.cpp; path = src/ImGUI/imgui_demo.cpp; sourceTree = SOURCE_ROOT; };
		E50529471BE8CDC90017400B /* imgui_draw.cpp */ = {isa = PBXFileReference; fileEncoding = 4; lastKnownFileType = sourcecode.cpp.cpp; name = imgui_draw.cpp; path = src/ImGUI/imgui_draw.cpp; sourceTree = SOURCE_ROOT; };
		E50529481BE8CDC90017400B /* imgui_impl_sdl.cpp */ = {isa = PBXFileReference; fileEncoding = 4; lastKnownFileType = sourcecode.cpp.cpp; name = imgui_impl_sdl.cpp; path = src/ImGUI/imgui_impl_sdl.cpp; sourceTree = SOURCE_ROOT; };
		E50529491BE8CDC90017400B /* imgui_impl_sdl.h */ = {isa = PBXFileReference; fileEncoding = 4; lastKnownFileType = sourcecode.c.h; name = imgui_impl_sdl.h; path = src/ImGUI/imgui_impl_sdl.h; sourceTree = SOURCE_ROOT; };
		E505294A1BE8CDC90017400B /* imgui_internal.h */ = {isa = PBXFileReference; fileEncoding = 4; lastKnownFileType = sourcecode.c.h; name = imgui_internal.h; path = src/ImGUI/imgui_internal.h; sourceTree = SOURCE_ROOT; };
		E505294B1BE8CDC90017400B /* imgui.cpp */ = {isa = PBXFileReference; fileEncoding = 4; lastKnownFileType = sourcecode.cpp.cpp; name = imgui.cpp; path = src/ImGUI/imgui.cpp; sourceTree = SOURCE_ROOT; };
		E505294C1BE8CDC90017400B /* imgui.h */ = {isa = PBXFileReference; fileEncoding = 4; lastKnownFileType = sourcecode.c.h; name = imgui.h; path = src/ImGUI/imgui.h; sourceTree = SOURCE_ROOT; };
		E505294D1BE8CDC90017400B /* stb_rect_pack.h */ = {isa = PBXFileReference; fileEncoding = 4; lastKnownFileType = sourcecode.c.h; name = stb_rect_pack.h; path = src/ImGUI/stb_rect_pack.h; sourceTree = SOURCE_ROOT; };
		E505294E1BE8CDC90017400B /* stb_textedit.h */ = {isa = PBXFileReference; fileEncoding = 4; lastKnownFileType = sourcecode.c.h; name = stb_textedit.h; path = src/ImGUI/stb_textedit.h; sourceTree = SOURCE_ROOT; };
		E505294F1BE8CDC90017400B /* stb_truetype.h */ = {isa = PBXFileReference; fileEncoding = 4; lastKnownFileType = sourcecode.c.h; name = stb_truetype.h; path = src/ImGUI/stb_truetype.h; sourceTree = SOURCE_ROOT; };
		E50529541BE8CDD50017400B /* RtMidi.cpp */ = {isa = PBXFileReference; fileEncoding = 4; lastKnownFileType = sourcecode.cpp.cpp; name = RtMidi.cpp; path = src/IO/RtMidi.cpp; sourceTree = SOURCE_ROOT; };
		E50529551BE8CDD50017400B /* RtMidi.h */ = {isa = PBXFileReference; fileEncoding = 4; lastKnownFileType = sourcecode.c.h; name = RtMidi.h; path = src/IO/RtMidi.h; sourceTree = SOURCE_ROOT; };
		E50529571BE8CDE50017400B /* Clock.cpp */ = {isa = PBXFileReference; fileEncoding = 4; lastKnownFileType = sourcecode.cpp.cpp; path = Clock.cpp; sourceTree = "<group>"; };
		E50529581BE8CDE50017400B /* Clock.hpp */ = {isa = PBXFileReference; fileEncoding = 4; lastKnownFileType = sourcecode.cpp.h; path = Clock.hpp; sourceTree = "<group>"; };
		E50529591BE8CDE50017400B /* standardIncludes.h */ = {isa = PBXFileReference; fileEncoding = 4; lastKnownFileType = sourcecode.c.h; path = standardIncludes.h; sourceTree = "<group>"; };
		E505295A1BE8CDE50017400B /* typedef.h */ = {isa = PBXFileReference; fileEncoding = 4; lastKnownFileType = sourcecode.c.h; path = typedef.h; sourceTree = "<group>"; };
		E505295D1BE8CE0A0017400B /* cCamera.cpp */ = {isa = PBXFileReference; fileEncoding = 4; lastKnownFileType = sourcecode.cpp.cpp; name = cCamera.cpp; path = src/Components/cCamera.cpp; sourceTree = SOURCE_ROOT; };
		E505295E1BE8CE0A0017400B /* cCamera.h */ = {isa = PBXFileReference; fileEncoding = 4; lastKnownFileType = sourcecode.c.h; name = cCamera.h; path = src/Components/cCamera.h; sourceTree = SOURCE_ROOT; };
		E50529631BE8CE0A0017400B /* component.h */ = {isa = PBXFileReference; fileEncoding = 4; lastKnownFileType = sourcecode.c.h; name = component.h; path = src/Components/component.h; sourceTree = SOURCE_ROOT; };
		E50529641BE8CE0A0017400B /* cTransform.cpp */ = {isa = PBXFileReference; fileEncoding = 4; lastKnownFileType = sourcecode.cpp.cpp; name = cTransform.cpp; path = src/Components/cTransform.cpp; sourceTree = SOURCE_ROOT; };
		E50529651BE8CE0A0017400B /* cTransform.h */ = {isa = PBXFileReference; fileEncoding = 4; lastKnownFileType = sourcecode.c.h; name = cTransform.h; path = src/Components/cTransform.h; sourceTree = SOURCE_ROOT; };
		E505296A1BE8EF020017400B /* entity.cpp */ = {isa = PBXFileReference; fileEncoding = 4; lastKnownFileType = sourcecode.cpp.cpp; name = entity.cpp; path = src/Components/entity.cpp; sourceTree = SOURCE_ROOT; };
		E505296B1BE8EF020017400B /* entity.h */ = {isa = PBXFileReference; fileEncoding = 4; lastKnownFileType = sourcecode.c.h; name = entity.h; path = src/Components/entity.h; sourceTree = SOURCE_ROOT; };
		E514AF571BD16E5800E7E2C5 /* TCPData.cpp */ = {isa = PBXFileReference; fileEncoding = 4; lastKnownFileType = sourcecode.cpp.cpp; name = TCPData.cpp; path = src/Networking/TCPData.cpp; sourceTree = SOURCE_ROOT; };
		E514AF581BD16E5800E7E2C5 /* TCPData.h */ = {isa = PBXFileReference; fileEncoding = 4; lastKnownFileType = sourcecode.c.h; name = TCPData.h; path = src/Networking/TCPData.h; sourceTree = SOURCE_ROOT; };
		E537686F1BA6D3B600D0BC14 /* VroomVroom */ = {isa = PBXFileReference; explicitFileType = "compiled.mach-o.executable"; includeInIndex = 0; path = VroomVroom; sourceTree = BUILT_PRODUCTS_DIR; };
		E53768791BA6D3CE00D0BC14 /* OpenGL.framework */ = {isa = PBXFileReference; lastKnownFileType = wrapper.framework; name = OpenGL.framework; path = System/Library/Frameworks/OpenGL.framework; sourceTree = SDKROOT; };
		E53CB2231BECA88C004B0F58 /* FileWatcher.cpp */ = {isa = PBXFileReference; fileEncoding = 4; lastKnownFileType = sourcecode.cpp.cpp; name = FileWatcher.cpp; path = FileWatcher/FileWatcher.cpp; sourceTree = "<group>"; };
		E53CB2241BECA88C004B0F58 /* FileWatcher.h */ = {isa = PBXFileReference; fileEncoding = 4; lastKnownFileType = sourcecode.c.h; name = FileWatcher.h; path = FileWatcher/FileWatcher.h; sourceTree = "<group>"; };
		E53CB2251BECA88C004B0F58 /* FileWatcherImpl.h */ = {isa = PBXFileReference; fileEncoding = 4; lastKnownFileType = sourcecode.c.h; name = FileWatcherImpl.h; path = FileWatcher/FileWatcherImpl.h; sourceTree = "<group>"; };
		E53CB2261BECA88C004B0F58 /* FileWatcherLinux.cpp */ = {isa = PBXFileReference; fileEncoding = 4; lastKnownFileType = sourcecode.cpp.cpp; name = FileWatcherLinux.cpp; path = FileWatcher/FileWatcherLinux.cpp; sourceTree = "<group>"; };
		E53CB2271BECA88C004B0F58 /* FileWatcherLinux.h */ = {isa = PBXFileReference; fileEncoding = 4; lastKnownFileType = sourcecode.c.h; name = FileWatcherLinux.h; path = FileWatcher/FileWatcherLinux.h; sourceTree = "<group>"; };
		E53CB2281BECA88C004B0F58 /* FileWatcherOSX.cpp */ = {isa = PBXFileReference; fileEncoding = 4; lastKnownFileType = sourcecode.cpp.cpp; name = FileWatcherOSX.cpp; path = FileWatcher/FileWatcherOSX.cpp; sourceTree = "<group>"; };
		E53CB2291BECA88C004B0F58 /* FileWatcherOSX.h */ = {isa = PBXFileReference; fileEncoding = 4; lastKnownFileType = sourcecode.c.h; name = FileWatcherOSX.h; path = FileWatcher/FileWatcherOSX.h; sourceTree = "<group>"; };
		E53CB22A1BECA88C004B0F58 /* FileWatcherWin32.cpp */ = {isa = PBXFileReference; fileEncoding = 4; lastKnownFileType = sourcecode.cpp.cpp; name = FileWatcherWin32.cpp; path = FileWatcher/FileWatcherWin32.cpp; sourceTree = "<group>"; };
		E53CB22B1BECA88C004B0F58 /* FileWatcherWin32.h */ = {isa = PBXFileReference; fileEncoding = 4; lastKnownFileType = sourcecode.c.h; name = FileWatcherWin32.h; path = FileWatcher/FileWatcherWin32.h; sourceTree = "<group>"; };
		E53CB2301BECC529004B0F58 /* file_watcher_impl.cpp */ = {isa = PBXFileReference; fileEncoding = 4; lastKnownFileType = sourcecode.cpp.cpp; name = file_watcher_impl.cpp; path = FileWatcher/file_watcher_impl.cpp; sourceTree = "<group>"; };
		E53CB2311BECC529004B0F58 /* file_watcher_impl.h */ = {isa = PBXFileReference; fileEncoding = 4; lastKnownFileType = sourcecode.c.h; name = file_watcher_impl.h; path = FileWatcher/file_watcher_impl.h; sourceTree = "<group>"; };
		E53CB2341BF09FD8004B0F58 /* shaders */ = {isa = PBXFileReference; lastKnownFileType = folder; name = shaders; path = ../MeepMeep/shaders; sourceTree = SOURCE_ROOT; };
		E54725FD1BC69F1300316B26 /* SDL2_net.framework */ = {isa = PBXFileReference; lastKnownFileType = wrapper.framework; name = SDL2_net.framework; path = Framework/SDL2_net.framework; sourceTree = "<group>"; };
		E54726041BC6A74E00316B26 /* TCPClient.cpp */ = {isa = PBXFileReference; fileEncoding = 4; lastKnownFileType = sourcecode.cpp.cpp; name = TCPClient.cpp; path = src/Networking/TCPClient.cpp; sourceTree = SOURCE_ROOT; };
		E54726051BC6A74E00316B26 /* TCPClient.h */ = {isa = PBXFileReference; fileEncoding = 4; lastKnownFileType = sourcecode.c.h; name = TCPClient.h; path = src/Networking/TCPClient.h; sourceTree = SOURCE_ROOT; };
		E54726061BC6A74E00316B26 /* TCPServer.cpp */ = {isa = PBXFileReference; fileEncoding = 4; lastKnownFileType = sourcecode.cpp.cpp; name = TCPServer.cpp; path = src/Networking/TCPServer.cpp; sourceTree = SOURCE_ROOT; };
		E54726071BC6A74E00316B26 /* TCPServer.h */ = {isa = PBXFileReference; fileEncoding = 4; lastKnownFileType = sourcecode.c.h; name = TCPServer.h; path = src/Networking/TCPServer.h; sourceTree = SOURCE_ROOT; };
		E54726081BC6A74E00316B26 /* UDPMessage.cpp */ = {isa = PBXFileReference; fileEncoding = 4; lastKnownFileType = sourcecode.cpp.cpp; name = UDPMessage.cpp; path = src/Networking/UDPMessage.cpp; sourceTree = SOURCE_ROOT; };
		E54726091BC6A74E00316B26 /* UDPMessage.h */ = {isa = PBXFileReference; fileEncoding = 4; lastKnownFileType = sourcecode.c.h; name = UDPMessage.h; path = src/Networking/UDPMessage.h; sourceTree = SOURCE_ROOT; };
		E547260E1BC6A78F00316B26 /* base64.cpp */ = {isa = PBXFileReference; fileEncoding = 4; lastKnownFileType = sourcecode.cpp.cpp; name = base64.cpp; path = src/Utilities/base64.cpp; sourceTree = SOURCE_ROOT; };
		E547260F1BC6A78F00316B26 /* base64.h */ = {isa = PBXFileReference; fileEncoding = 4; lastKnownFileType = sourcecode.c.h; name = base64.h; path = src/Utilities/base64.h; sourceTree = SOURCE_ROOT; };
		E54D30901BB29675006FBC68 /* libGLEW.dylib */ = {isa = PBXFileReference; lastKnownFileType = "compiled.mach-o.dylib"; name = libGLEW.dylib; path = Framework/glew/Release/libGLEW.dylib; sourceTree = "<group>"; };
		E54D309B1BB2D9C6006FBC68 /* glm */ = {isa = PBXFileReference; lastKnownFileType = folder; name = glm; path = src/glm; sourceTree = SOURCE_ROOT; };
		E55F88DE1BEBA48C00433973 /* cMeshRenderer.cpp */ = {isa = PBXFileReference; fileEncoding = 4; lastKnownFileType = sourcecode.cpp.cpp; name = cMeshRenderer.cpp; path = src/Components/cMeshRenderer.cpp; sourceTree = SOURCE_ROOT; };
		E55F88DF1BEBA48C00433973 /* cMeshRenderer.h */ = {isa = PBXFileReference; fileEncoding = 4; lastKnownFileType = sourcecode.c.h; name = cMeshRenderer.h; path = src/Components/cMeshRenderer.h; sourceTree = SOURCE_ROOT; };
		E55F88E11BEBB22A00433973 /* material.cpp */ = {isa = PBXFileReference; fileEncoding = 4; lastKnownFileType = sourcecode.cpp.cpp; name = material.cpp; path = src/DataStructure/material.cpp; sourceTree = SOURCE_ROOT; };
		E55F88E21BEBB22A00433973 /* material.h */ = {isa = PBXFileReference; fileEncoding = 4; lastKnownFileType = sourcecode.c.h; name = material.h; path = src/DataStructure/material.h; sourceTree = SOURCE_ROOT; };
		E567A8EF1BB1470200B8F6C3 /* main.cpp */ = {isa = PBXFileReference; fileEncoding = 4; lastKnownFileType = sourcecode.cpp.cpp; name = main.cpp; path = src/main.cpp; sourceTree = SOURCE_ROOT; };
		E56F55841BEB4C3F0027DDF6 /* resource_manager.cpp */ = {isa = PBXFileReference; fileEncoding = 4; lastKnownFileType = sourcecode.cpp.cpp; name = resource_manager.cpp; path = src/DataStructure/resource_manager.cpp; sourceTree = SOURCE_ROOT; };
		E56F55851BEB4C3F0027DDF6 /* resource_manager.h */ = {isa = PBXFileReference; fileEncoding = 4; lastKnownFileType = sourcecode.c.h; name = resource_manager.h; path = src/DataStructure/resource_manager.h; sourceTree = SOURCE_ROOT; };
		E59FDC8A1BBAC0E2008935C5 /* singleton.h */ = {isa = PBXFileReference; fileEncoding = 4; lastKnownFileType = sourcecode.c.h; path = singleton.h; sourceTree = "<group>"; };
		E59FDC8C1BBAC0EE008935C5 /* helperFunctions.cpp */ = {isa = PBXFileReference; fileEncoding = 4; lastKnownFileType = sourcecode.cpp.cpp; path = helperFunctions.cpp; sourceTree = "<group>"; };
		E59FDC8D1BBAC0EE008935C5 /* helperFunctions.h */ = {isa = PBXFileReference; fileEncoding = 4; lastKnownFileType = sourcecode.c.h; path = helperFunctions.h; sourceTree = "<group>"; };
		E59FDC8E1BBAC0EE008935C5 /* random.cpp */ = {isa = PBXFileReference; fileEncoding = 4; lastKnownFileType = sourcecode.cpp.cpp; path = random.cpp; sourceTree = "<group>"; };
		E59FDC8F1BBAC0EE008935C5 /* random.h */ = {isa = PBXFileReference; fileEncoding = 4; lastKnownFileType = sourcecode.c.h; path = random.h; sourceTree = "<group>"; };
		E5B2827E1BCAE76500759348 /* Input.cpp */ = {isa = PBXFileReference; fileEncoding = 4; lastKnownFileType = sourcecode.cpp.cpp; name = Input.cpp; path = src/Input.cpp; sourceTree = SOURCE_ROOT; };
		E5B2827F1BCAE76500759348 /* Input.hpp */ = {isa = PBXFileReference; fileEncoding = 4; lastKnownFileType = sourcecode.cpp.h; name = Input.hpp; path = src/Input.hpp; sourceTree = SOURCE_ROOT; };
		E5B282891BCD4DA300759348 /* CoreMIDI.framework */ = {isa = PBXFileReference; lastKnownFileType = wrapper.framework; name = CoreMIDI.framework; path = System/Library/Frameworks/CoreMIDI.framework; sourceTree = SDKROOT; };
		E5B4685A1BF23FA400429772 /* stb_image.h */ = {isa = PBXFileReference; fileEncoding = 4; lastKnownFileType = sourcecode.c.h; name = stb_image.h; path = src/IO/stb_image.h; sourceTree = SOURCE_ROOT; };
		E5D664DB1BC16C390042350B /* SDL2.framework */ = {isa = PBXFileReference; lastKnownFileType = wrapper.framework; name = SDL2.framework; path = Framework/SDL2.framework; sourceTree = "<group>"; };
		E5D9F8E41BE247C7005AFAB1 /* mEntity.cpp */ = {isa = PBXFileReference; fileEncoding = 4; lastKnownFileType = sourcecode.cpp.cpp; name = mEntity.cpp; path = src/Modules/mEntity.cpp; sourceTree = SOURCE_ROOT; };
		E5D9F8E61BE247DF005AFAB1 /* mEntity.h */ = {isa = PBXFileReference; fileEncoding = 4; lastKnownFileType = sourcecode.c.h; name = mEntity.h; path = src/Modules/mEntity.h; sourceTree = SOURCE_ROOT; };
		E5DEBDC51C0B5934009F0FB4 /* opengl_common.cpp */ = {isa = PBXFileReference; fileEncoding = 4; lastKnownFileType = sourcecode.cpp.cpp; name = opengl_common.cpp; path = src/Utilities/opengl_common.cpp; sourceTree = SOURCE_ROOT; };
		E5DEBDC61C0B5934009F0FB4 /* opengl_common.h */ = {isa = PBXFileReference; fileEncoding = 4; lastKnownFileType = sourcecode.c.h; name = opengl_common.h; path = src/Utilities/opengl_common.h; sourceTree = SOURCE_ROOT; };
		E5ED45B81C05F93C0009BD5A /* importer_imp.cpp */ = {isa = PBXFileReference; fileEncoding = 4; lastKnownFileType = sourcecode.cpp.cpp; name = importer_imp.cpp; path = src/IO/importer_imp.cpp; sourceTree = SOURCE_ROOT; };
		E5ED45B91C05F93C0009BD5A /* importer_imp.h */ = {isa = PBXFileReference; fileEncoding = 4; lastKnownFileType = sourcecode.c.h; name = importer_imp.h; path = src/IO/importer_imp.h; sourceTree = SOURCE_ROOT; };
		E5ED45BA1C05F93C0009BD5A /* importer.cpp */ = {isa = PBXFileReference; fileEncoding = 4; lastKnownFileType = sourcecode.cpp.cpp; name = importer.cpp; path = src/IO/importer.cpp; sourceTree = SOURCE_ROOT; };
		E5ED45BB1C05F93C0009BD5A /* importer.h */ = {isa = PBXFileReference; fileEncoding = 4; lastKnownFileType = sourcecode.c.h; name = importer.h; path = src/IO/importer.h; sourceTree = SOURCE_ROOT; };
		E5ED45BF1C05F95B0009BD5A /* mesh_generator.h */ = {isa = PBXFileReference; fileEncoding = 4; lastKnownFileType = sourcecode.c.h; name = mesh_generator.h; path = src/DataStructure/mesh_generator.h; sourceTree = SOURCE_ROOT; };
		E5ED45C01C05F95B0009BD5A /* mesh.cpp */ = {isa = PBXFileReference; fileEncoding = 4; lastKnownFileType = sourcecode.cpp.cpp; name = mesh.cpp; path = src/DataStructure/mesh.cpp; sourceTree = SOURCE_ROOT; };
		E5ED45C11C05F95B0009BD5A /* mesh.h */ = {isa = PBXFileReference; fileEncoding = 4; lastKnownFileType = sourcecode.c.h; name = mesh.h; path = src/DataStructure/mesh.h; sourceTree = SOURCE_ROOT; };
		E5F4A3691BCE59A1000C8876 /* CoreAudio.framework */ = {isa = PBXFileReference; lastKnownFileType = wrapper.framework; name = CoreAudio.framework; path = System/Library/Frameworks/CoreAudio.framework; sourceTree = SDKROOT; };
		E5F4A36B1BCE59B4000C8876 /* CoreFoundation.framework */ = {isa = PBXFileReference; lastKnownFileType = wrapper.framework; name = CoreFoundation.framework; path = System/Library/Frameworks/CoreFoundation.framework; sourceTree = SDKROOT; };
		E5FDC8341BF4A3E400312151 /* libfmod.dylib */ = {isa = PBXFileReference; lastKnownFileType = "compiled.mach-o.dylib"; name = libfmod.dylib; path = Framework/FMOD/Mac/lowlevel/lib/libfmod.dylib; sourceTree = "<group>"; };
		E5FDC8351BF4A3E400312151 /* libfmodL.dylib */ = {isa = PBXFileReference; lastKnownFileType = "compiled.mach-o.dylib"; name = libfmodL.dylib; path = Framework/FMOD/Mac/lowlevel/lib/libfmodL.dylib; sourceTree = "<group>"; };
		E5FDC8381BF4A3FA00312151 /* libfmodstudio.dylib */ = {isa = PBXFileReference; lastKnownFileType = "compiled.mach-o.dylib"; name = libfmodstudio.dylib; path = Framework/FMOD/Mac/studio/lib/libfmodstudio.dylib; sourceTree = "<group>"; };
		E5FDC8391BF4A3FA00312151 /* libfmodstudioL.dylib */ = {isa = PBXFileReference; lastKnownFileType = "compiled.mach-o.dylib"; name = libfmodstudioL.dylib; path = Framework/FMOD/Mac/studio/lib/libfmodstudioL.dylib; sourceTree = "<group>"; };
/* End PBXFileReference section */

/* Begin PBXFrameworksBuildPhase section */
		E537686C1BA6D3B600D0BC14 /* Frameworks */ = {
			isa = PBXFrameworksBuildPhase;
			buildActionMask = 2147483647;
			files = (
				E5FDC83A1BF4A3FA00312151 /* libfmodstudio.dylib in Frameworks */,
				E5FDC83B1BF4A3FA00312151 /* libfmodstudioL.dylib in Frameworks */,
				E5FDC8361BF4A3E400312151 /* libfmod.dylib in Frameworks */,
				E5FDC8371BF4A3E400312151 /* libfmodL.dylib in Frameworks */,
				E5F4A36C1BCE59B4000C8876 /* CoreFoundation.framework in Frameworks */,
				E5F4A36A1BCE59A1000C8876 /* CoreAudio.framework in Frameworks */,
				E5B2828A1BCD4DA300759348 /* CoreMIDI.framework in Frameworks */,
				E54725FE1BC69F1300316B26 /* SDL2_net.framework in Frameworks */,
				E5D664DC1BC16C390042350B /* SDL2.framework in Frameworks */,
				234C8B281BB96A3B00E61132 /* libassimpd.3.1.1.dylib in Frameworks */,
				23CBC8741BB2A8E000C02E36 /* libluajit-5.1.2.0.4.dylib in Frameworks */,
				E54D30911BB29675006FBC68 /* libGLEW.dylib in Frameworks */,
				E537687A1BA6D3CE00D0BC14 /* OpenGL.framework in Frameworks */,
			);
			runOnlyForDeploymentPostprocessing = 0;
		};
/* End PBXFrameworksBuildPhase section */

/* Begin PBXGroup section */
		23C2AAFA1BCBD8050043F141 /* IO */ = {
			isa = PBXGroup;
			children = (
				E5ED45B81C05F93C0009BD5A /* importer_imp.cpp */,
				E5ED45B91C05F93C0009BD5A /* importer_imp.h */,
				E5ED45BA1C05F93C0009BD5A /* importer.cpp */,
				E5ED45BB1C05F93C0009BD5A /* importer.h */,
				E5B4685A1BF23FA400429772 /* stb_image.h */,
				E50529541BE8CDD50017400B /* RtMidi.cpp */,
				E50529551BE8CDD50017400B /* RtMidi.h */,
				23C2AAFB1BCBD8C00043F141 /* file.cpp */,
				23C2AAFC1BCBD8C00043F141 /* file.h */,
			);
			name = IO;
			sourceTree = "<group>";
		};
		23C59A2F1BCD2F6C00A37E29 /* Modules */ = {
			isa = PBXGroup;
			children = (
				E5D9F8E41BE247C7005AFAB1 /* mEntity.cpp */,
				E5D9F8E61BE247DF005AFAB1 /* mEntity.h */,
				23C59A301BCD305B00A37E29 /* mLog.cpp */,
				23C59A311BCD305B00A37E29 /* mLog.h */,
				23C59A331BCD382300A37E29 /* moduleMacros.h */,
				23C59A341BCD3ACA00A37E29 /* mInput.cpp */,
				23C59A351BCD3ACA00A37E29 /* mInput.h */,
				23040E021BDF78E800662A1B /* mAll.h */,
				233B2A5A1BE8E11F0032447A /* mUi.cpp */,
				233B2A5B1BE8E11F0032447A /* mUi.h */,
				23E1BD831C0C784C00F49BCF /* mMaterial.cpp */,
				23E1BD841C0C784C00F49BCF /* mMaterial.h */,
				23E1BD861C0C7A7900F49BCF /* mModel.cpp */,
				23E1BD871C0C7A7900F49BCF /* mModel.h */,
				23E1BD891C0C8DBF00F49BCF /* mShader.cpp */,
				23E1BD8A1C0C8DBF00F49BCF /* mShader.h */,
				23C8BF451C0DA07A000EFD05 /* mMeshRenderer.cpp */,
				23C8BF461C0DA07A000EFD05 /* mMeshRenderer.h */,
				23D328CF1C0F034600FAC4B9 /* mImport.cpp */,
				23D328D01C0F034600FAC4B9 /* mImport.h */,
			);
			name = Modules;
			sourceTree = "<group>";
		};
		E505295C1BE8CDF20017400B /* Components */ = {
			isa = PBXGroup;
			children = (
				E505296A1BE8EF020017400B /* entity.cpp */,
				E505296B1BE8EF020017400B /* entity.h */,
				E505295D1BE8CE0A0017400B /* cCamera.cpp */,
				E505295E1BE8CE0A0017400B /* cCamera.h */,
				E55F88DE1BEBA48C00433973 /* cMeshRenderer.cpp */,
				E55F88DF1BEBA48C00433973 /* cMeshRenderer.h */,
				E50529631BE8CE0A0017400B /* component.h */,
				E50529641BE8CE0A0017400B /* cTransform.cpp */,
				E50529651BE8CE0A0017400B /* cTransform.h */,
				23B31B561C05E3B6004E31C9 /* cLua.cpp */,
				23B31B571C05E3B6004E31C9 /* cLua.h */,
			);
			name = Components;
			sourceTree = "<group>";
		};
		E53768661BA6D3B600D0BC14 = {
			isa = PBXGroup;
			children = (
				E5FDC8381BF4A3FA00312151 /* libfmodstudio.dylib */,
				E5FDC8391BF4A3FA00312151 /* libfmodstudioL.dylib */,
				E5FDC8341BF4A3E400312151 /* libfmod.dylib */,
				E5FDC8351BF4A3E400312151 /* libfmodL.dylib */,
				E5F4A36B1BCE59B4000C8876 /* CoreFoundation.framework */,
				E5F4A3691BCE59A1000C8876 /* CoreAudio.framework */,
				E5B282891BCD4DA300759348 /* CoreMIDI.framework */,
				E54725FD1BC69F1300316B26 /* SDL2_net.framework */,
				E5D664DB1BC16C390042350B /* SDL2.framework */,
				E53768791BA6D3CE00D0BC14 /* OpenGL.framework */,
				234C8B271BB96A3B00E61132 /* libassimpd.3.1.1.dylib */,
				23CBC8731BB2A8E000C02E36 /* libluajit-5.1.2.0.4.dylib */,
				E54D30901BB29675006FBC68 /* libGLEW.dylib */,
				E53768711BA6D3B600D0BC14 /* VroomVroom */,
				E53CB2341BF09FD8004B0F58 /* shaders */,
				E53768701BA6D3B600D0BC14 /* Products */,
			);
			sourceTree = "<group>";
		};
		E53768701BA6D3B600D0BC14 /* Products */ = {
			isa = PBXGroup;
			children = (
				E537686F1BA6D3B600D0BC14 /* VroomVroom */,
			);
			name = Products;
			sourceTree = "<group>";
		};
		E53768711BA6D3B600D0BC14 /* VroomVroom */ = {
			isa = PBXGroup;
			children = (
				E505295C1BE8CDF20017400B /* Components */,
				E5F4A37E1BCFEBD6000C8876 /* Systems */,
				E5F4A3781BCFAE66000C8876 /* Data structure */,
				E5F4A3771BCFADED000C8876 /* ImGUI */,
				23C2AAFA1BCBD8050043F141 /* IO */,
				23C59A2F1BCD2F6C00A37E29 /* Modules */,
				E547260D1BC6A75800316B26 /* Networking */,
				E59FDC891BBAC0E2008935C5 /* Patterns */,
				E59FDC8B1BBAC0EE008935C5 /* Utilities */,
				E54D309B1BB2D9C6006FBC68 /* glm */,
				23EE7EE21BC6C2B90006581F /* console.cpp */,
				23EE7EE31BC6C2B90006581F /* console.h */,
				23A4AF531BB2DE3100948D72 /* content.cpp */,
				23A4AF541BB2DE3100948D72 /* content.h */,
				23EE7EC11BC686020006581F /* Engine.cpp */,
				23EE7EC21BC686020006581F /* Engine.h */,
				E5B2827E1BCAE76500759348 /* Input.cpp */,
				E5B2827F1BCAE76500759348 /* Input.hpp */,
				E567A8EF1BB1470200B8F6C3 /* main.cpp */,
			);
			path = VroomVroom;
			sourceTree = "<group>";
		};
		E53CB2221BECA880004B0F58 /* FileWatcher */ = {
			isa = PBXGroup;
			children = (
				E53CB2301BECC529004B0F58 /* file_watcher_impl.cpp */,
				E53CB2311BECC529004B0F58 /* file_watcher_impl.h */,
				E53CB2231BECA88C004B0F58 /* FileWatcher.cpp */,
				E53CB2241BECA88C004B0F58 /* FileWatcher.h */,
				E53CB2251BECA88C004B0F58 /* FileWatcherImpl.h */,
				E53CB2261BECA88C004B0F58 /* FileWatcherLinux.cpp */,
				E53CB2271BECA88C004B0F58 /* FileWatcherLinux.h */,
				E53CB2281BECA88C004B0F58 /* FileWatcherOSX.cpp */,
				E53CB2291BECA88C004B0F58 /* FileWatcherOSX.h */,
				E53CB22A1BECA88C004B0F58 /* FileWatcherWin32.cpp */,
				E53CB22B1BECA88C004B0F58 /* FileWatcherWin32.h */,
			);
			name = FileWatcher;
			sourceTree = "<group>";
		};
		E547260D1BC6A75800316B26 /* Networking */ = {
			isa = PBXGroup;
			children = (
				E514AF571BD16E5800E7E2C5 /* TCPData.cpp */,
				E514AF581BD16E5800E7E2C5 /* TCPData.h */,
				E54726041BC6A74E00316B26 /* TCPClient.cpp */,
				E54726051BC6A74E00316B26 /* TCPClient.h */,
				E54726061BC6A74E00316B26 /* TCPServer.cpp */,
				E54726071BC6A74E00316B26 /* TCPServer.h */,
				E54726081BC6A74E00316B26 /* UDPMessage.cpp */,
				E54726091BC6A74E00316B26 /* UDPMessage.h */,
			);
			name = Networking;
			sourceTree = "<group>";
		};
		E59FDC891BBAC0E2008935C5 /* Patterns */ = {
			isa = PBXGroup;
			children = (
				E59FDC8A1BBAC0E2008935C5 /* singleton.h */,
			);
			name = Patterns;
			path = src/Patterns;
			sourceTree = SOURCE_ROOT;
		};
		E59FDC8B1BBAC0EE008935C5 /* Utilities */ = {
			isa = PBXGroup;
			children = (
				E53CB2221BECA880004B0F58 /* FileWatcher */,
				E50529571BE8CDE50017400B /* Clock.cpp */,
				E50529581BE8CDE50017400B /* Clock.hpp */,
				E50529591BE8CDE50017400B /* standardIncludes.h */,
				E505295A1BE8CDE50017400B /* typedef.h */,
				E547260E1BC6A78F00316B26 /* base64.cpp */,
				E547260F1BC6A78F00316B26 /* base64.h */,
				E59FDC8C1BBAC0EE008935C5 /* helperFunctions.cpp */,
				E59FDC8D1BBAC0EE008935C5 /* helperFunctions.h */,
				E5DEBDC51C0B5934009F0FB4 /* opengl_common.cpp */,
				E5DEBDC61C0B5934009F0FB4 /* opengl_common.h */,
				E59FDC8E1BBAC0EE008935C5 /* random.cpp */,
				E59FDC8F1BBAC0EE008935C5 /* random.h */,
				23FEEEA31BF0B0BD00A83377 /* command.h */,
				23FEEEA41BF0EE8600A83377 /* command.cpp */,
			);
			name = Utilities;
			path = src/Utilities;
			sourceTree = SOURCE_ROOT;
		};
		E5F4A3771BCFADED000C8876 /* ImGUI */ = {
			isa = PBXGroup;
			children = (
				E50529451BE8CDC90017400B /* imconfig.h */,
				E50529461BE8CDC90017400B /* imgui_demo.cpp */,
				E50529471BE8CDC90017400B /* imgui_draw.cpp */,
				E50529481BE8CDC90017400B /* imgui_impl_sdl.cpp */,
				E50529491BE8CDC90017400B /* imgui_impl_sdl.h */,
				E505294A1BE8CDC90017400B /* imgui_internal.h */,
				E505294B1BE8CDC90017400B /* imgui.cpp */,
				E505294C1BE8CDC90017400B /* imgui.h */,
				E505294D1BE8CDC90017400B /* stb_rect_pack.h */,
				E505294E1BE8CDC90017400B /* stb_textedit.h */,
				E505294F1BE8CDC90017400B /* stb_truetype.h */,
			);
			name = ImGUI;
			sourceTree = "<group>";
		};
		E5F4A3781BCFAE66000C8876 /* Data structure */ = {
			isa = PBXGroup;
			children = (
				E5ED45BF1C05F95B0009BD5A /* mesh_generator.h */,
				E5ED45C01C05F95B0009BD5A /* mesh.cpp */,
				E5ED45C11C05F95B0009BD5A /* mesh.h */,
				E55F88E11BEBB22A00433973 /* material.cpp */,
				E55F88E21BEBB22A00433973 /* material.h */,
				E505293F1BE8CDBA0017400B /* shader.cpp */,
				E50529401BE8CDBA0017400B /* shader.h */,
				E50529411BE8CDBA0017400B /* texture.cpp */,
				E50529421BE8CDBA0017400B /* texture.h */,
				E56F55841BEB4C3F0027DDF6 /* resource_manager.cpp */,
				E56F55851BEB4C3F0027DDF6 /* resource_manager.h */,
				E500A48C1BEB5A33009A9095 /* data_types.h */,
			);
			name = "Data structure";
			sourceTree = "<group>";
		};
		E5F4A37E1BCFEBD6000C8876 /* Systems */ = {
			isa = PBXGroup;
			children = (
				E505291E1BE8CD650017400B /* componentSystem.h */,
				E505291F1BE8CD650017400B /* engine_event_system.cpp */,
				E50529201BE8CD650017400B /* engine_event_system.h */,
				E50529211BE8CD650017400B /* luaSystem.cpp */,
				E50529221BE8CD650017400B /* luaSystem.h */,
				E50529231BE8CD650017400B /* renderer.cpp */,
				E50529241BE8CD650017400B /* renderer.h */,
				23E22F5D1BE9FEBA00987545 /* uiSystem.cpp */,
				23E22F5E1BE9FEBA00987545 /* uiSystem.h */,
			);
			name = Systems;
			sourceTree = "<group>";
		};
/* End PBXGroup section */

/* Begin PBXNativeTarget section */
		E537686E1BA6D3B600D0BC14 /* VroomVroom */ = {
			isa = PBXNativeTarget;
			buildConfigurationList = E53768761BA6D3B600D0BC14 /* Build configuration list for PBXNativeTarget "VroomVroom" */;
			buildPhases = (
				E537686B1BA6D3B600D0BC14 /* Sources */,
				E537686C1BA6D3B600D0BC14 /* Frameworks */,
				E537686D1BA6D3B600D0BC14 /* CopyFiles */,
				E5EF58F71BB956E000F85754 /* ShellScript */,
			);
			buildRules = (
			);
			dependencies = (
			);
			name = VroomVroom;
			productName = VroomVroom;
			productReference = E537686F1BA6D3B600D0BC14 /* VroomVroom */;
			productType = "com.apple.product-type.tool";
		};
/* End PBXNativeTarget section */

/* Begin PBXProject section */
		E53768671BA6D3B600D0BC14 /* Project object */ = {
			isa = PBXProject;
			attributes = {
				LastUpgradeCheck = 0700;
				ORGANIZATIONNAME = "Valentinas Rimeika";
				TargetAttributes = {
					E537686E1BA6D3B600D0BC14 = {
						CreatedOnToolsVersion = 6.4;
					};
				};
			};
			buildConfigurationList = E537686A1BA6D3B600D0BC14 /* Build configuration list for PBXProject "VroomVroom" */;
			compatibilityVersion = "Xcode 3.2";
			developmentRegion = English;
			hasScannedForEncodings = 0;
			knownRegions = (
				en,
			);
			mainGroup = E53768661BA6D3B600D0BC14;
			productRefGroup = E53768701BA6D3B600D0BC14 /* Products */;
			projectDirPath = "";
			projectRoot = "";
			targets = (
				E537686E1BA6D3B600D0BC14 /* VroomVroom */,
			);
		};
/* End PBXProject section */

/* Begin PBXShellScriptBuildPhase section */
		E5EF58F71BB956E000F85754 /* ShellScript */ = {
			isa = PBXShellScriptBuildPhase;
			buildActionMask = 2147483647;
			files = (
			);
			inputPaths = (
			);
			outputPaths = (
			);
			runOnlyForDeploymentPostprocessing = 0;
			shellPath = /bin/sh;
			shellScript = "#!/bin/bash\nEXECFILE=${BUILT_PRODUCTS_DIR}/${EXECUTABLE_PATH}\nLIBPATH=${BUILT_PRODUCTS_DIR}/${SHARED_SUPPORT_FOLDER_PATH}\nNEWLIBPATH=\"@executable_path/\"\n\n# space separated list of libraries\nTARGETS=\"libGLEW.dylib libassimpd.3.1.1.dylib libluajit-5.1.2.0.4.dylib libfmod.dylib libfmodL.dylib libfmodstudio.dylib libfmodstudioL.dylib\"\nfor TARGET in ${TARGETS} ; do\nLIBFILE=${LIBPATH}${TARGET}\nTARGETID=`otool -DX ${LIBPATH}$TARGET`\nNEWTARGETID=${NEWLIBPATH}${TARGET}\ninstall_name_tool -id ${NEWTARGETID} ${LIBFILE}\ninstall_name_tool -change ${TARGETID} ${NEWTARGETID} ${EXECFILE}\ndone";
		};
/* End PBXShellScriptBuildPhase section */

/* Begin PBXSourcesBuildPhase section */
		E537686B1BA6D3B600D0BC14 /* Sources */ = {
			isa = PBXSourcesBuildPhase;
			buildActionMask = 2147483647;
			files = (
				23D328D11C0F034700FAC4B9 /* mImport.cpp in Sources */,
				E56F55861BEB4C3F0027DDF6 /* resource_manager.cpp in Sources */,
				E50529431BE8CDBA0017400B /* shader.cpp in Sources */,
				E54726101BC6A78F00316B26 /* base64.cpp in Sources */,
				23C8BF471C0DA07A000EFD05 /* mMeshRenderer.cpp in Sources */,
				E5B282801BCAE76500759348 /* Input.cpp in Sources */,
				233B2A5C1BE8E11F0032447A /* mUi.cpp in Sources */,
				E53CB2321BECC529004B0F58 /* file_watcher_impl.cpp in Sources */,
				E50529441BE8CDBA0017400B /* texture.cpp in Sources */,
				23EE7EC31BC686020006581F /* Engine.cpp in Sources */,
				23B31B581C05E3B6004E31C9 /* cLua.cpp in Sources */,
				E547260A1BC6A74E00316B26 /* TCPClient.cpp in Sources */,
				E55F88E01BEBA48C00433973 /* cMeshRenderer.cpp in Sources */,
				E50529561BE8CDD50017400B /* RtMidi.cpp in Sources */,
				E50529511BE8CDC90017400B /* imgui_draw.cpp in Sources */,
				E547260B1BC6A74E00316B26 /* TCPServer.cpp in Sources */,
				E55F88E31BEBB22A00433973 /* material.cpp in Sources */,
				23C2AAFD1BCBD8C00043F141 /* file.cpp in Sources */,
				E50529261BE8CD650017400B /* luaSystem.cpp in Sources */,
				E50529521BE8CDC90017400B /* imgui_impl_sdl.cpp in Sources */,
				E514AF591BD16E5800E7E2C5 /* TCPData.cpp in Sources */,
				E50529691BE8CE0A0017400B /* cTransform.cpp in Sources */,
				E5D9F8E51BE247C7005AFAB1 /* mEntity.cpp in Sources */,
				23E22F5F1BE9FEBA00987545 /* uiSystem.cpp in Sources */,
				E547260C1BC6A74E00316B26 /* UDPMessage.cpp in Sources */,
				E53CB22C1BECA88C004B0F58 /* FileWatcher.cpp in Sources */,
				E53CB22F1BECA88C004B0F58 /* FileWatcherWin32.cpp in Sources */,
				23FEEEA51BF0EE8600A83377 /* command.cpp in Sources */,
				E53CB22D1BECA88C004B0F58 /* FileWatcherLinux.cpp in Sources */,
				E59FDC911BBAC0EE008935C5 /* random.cpp in Sources */,
				E567A8F91BB1470200B8F6C3 /* main.cpp in Sources */,
				23C59A321BCD305B00A37E29 /* mLog.cpp in Sources */,
				23C59A361BCD3ACA00A37E29 /* mInput.cpp in Sources */,
				23E1BD8B1C0C8DBF00F49BCF /* mShader.cpp in Sources */,
				E50529271BE8CD650017400B /* renderer.cpp in Sources */,
				E59FDC901BBAC0EE008935C5 /* helperFunctions.cpp in Sources */,
				E505296C1BE8EF020017400B /* entity.cpp in Sources */,
				23A4AF551BB2DE3100948D72 /* content.cpp in Sources */,
				23EE7EE41BC6C2B90006581F /* console.cpp in Sources */,
				E50529501BE8CDC90017400B /* imgui_demo.cpp in Sources */,
				E50529661BE8CE0A0017400B /* cCamera.cpp in Sources */,
				E505295B1BE8CDE50017400B /* Clock.cpp in Sources */,
				E5ED45BD1C05F93C0009BD5A /* importer.cpp in Sources */,
				E5ED45BC1C05F93C0009BD5A /* importer_imp.cpp in Sources */,
				23E1BD881C0C7A7900F49BCF /* mModel.cpp in Sources */,
				E50529251BE8CD650017400B /* engine_event_system.cpp in Sources */,
				23E1BD851C0C784C00F49BCF /* mMaterial.cpp in Sources */,
				E53CB22E1BECA88C004B0F58 /* FileWatcherOSX.cpp in Sources */,
				E5ED45C31C05F95B0009BD5A /* mesh.cpp in Sources */,
				E50529531BE8CDC90017400B /* imgui.cpp in Sources */,
				E5DEBDC71C0B5934009F0FB4 /* opengl_common.cpp in Sources */,
			);
			runOnlyForDeploymentPostprocessing = 0;
		};
/* End PBXSourcesBuildPhase section */

/* Begin XCBuildConfiguration section */
		E53768741BA6D3B600D0BC14 /* Debug */ = {
			isa = XCBuildConfiguration;
			buildSettings = {
				ALWAYS_SEARCH_USER_PATHS = NO;
				CLANG_CXX_LANGUAGE_STANDARD = "gnu++0x";
				CLANG_CXX_LIBRARY = "libc++";
				CLANG_ENABLE_MODULES = YES;
				CLANG_ENABLE_OBJC_ARC = YES;
				CLANG_WARN_BOOL_CONVERSION = YES;
				CLANG_WARN_CONSTANT_CONVERSION = YES;
				CLANG_WARN_DIRECT_OBJC_ISA_USAGE = YES_ERROR;
				CLANG_WARN_EMPTY_BODY = YES;
				CLANG_WARN_ENUM_CONVERSION = YES;
				CLANG_WARN_INT_CONVERSION = YES;
				CLANG_WARN_OBJC_ROOT_CLASS = YES_ERROR;
				CLANG_WARN_UNREACHABLE_CODE = YES;
				CLANG_WARN__DUPLICATE_METHOD_MATCH = YES;
				COPY_PHASE_STRIP = NO;
				DEBUG_INFORMATION_FORMAT = dwarf;
				ENABLE_STRICT_OBJC_MSGSEND = YES;
				ENABLE_TESTABILITY = YES;
				GCC_C_LANGUAGE_STANDARD = gnu99;
				GCC_DYNAMIC_NO_PIC = NO;
				GCC_NO_COMMON_BLOCKS = YES;
				GCC_OPTIMIZATION_LEVEL = 0;
				GCC_PREPROCESSOR_DEFINITIONS = (
					"DEBUG=1",
					"$(inherited)",
				);
				GCC_SYMBOLS_PRIVATE_EXTERN = NO;
				GCC_WARN_64_TO_32_BIT_CONVERSION = YES;
				GCC_WARN_ABOUT_RETURN_TYPE = YES_ERROR;
				GCC_WARN_UNDECLARED_SELECTOR = YES;
				GCC_WARN_UNINITIALIZED_AUTOS = YES_AGGRESSIVE;
				GCC_WARN_UNUSED_FUNCTION = YES;
				GCC_WARN_UNUSED_VARIABLE = YES;
				HEADER_SEARCH_PATHS = (
					"$(inherited)",
					/Applications/Xcode.app/Contents/Developer/Toolchains/XcodeDefault.xctoolchain/usr/include,
					"$(PROJECT_DIR)/Framework/glew/Include",
					"$(PROJECT_DIR)/Framework/LJIT/include",
					"$(PROJECT_DIR)/Framework/assimp/Include",
				);
				LIBRARY_SEARCH_PATHS = (
					"$(inherited)",
					"$(PROJECT_DIR)/Framework/glew/Debug",
					"$(PROJECT_DIR)/Framework/LJIT/lib",
					"$(PROJECT_DIR)/Framework/assimp/Debug",
					"$(PROJECT_DIR)/Framework/assimp/Release",
					"$(PROJECT_DIR)/Framework/glew/Release",
				);
				MACOSX_DEPLOYMENT_TARGET = 10.10;
				MTL_ENABLE_DEBUG_INFO = YES;
				ONLY_ACTIVE_ARCH = YES;
				SDKROOT = macosx;
			};
			name = Debug;
		};
		E53768751BA6D3B600D0BC14 /* Release */ = {
			isa = XCBuildConfiguration;
			buildSettings = {
				ALWAYS_SEARCH_USER_PATHS = NO;
				CLANG_CXX_LANGUAGE_STANDARD = "gnu++0x";
				CLANG_CXX_LIBRARY = "libc++";
				CLANG_ENABLE_MODULES = YES;
				CLANG_ENABLE_OBJC_ARC = YES;
				CLANG_WARN_BOOL_CONVERSION = YES;
				CLANG_WARN_CONSTANT_CONVERSION = YES;
				CLANG_WARN_DIRECT_OBJC_ISA_USAGE = YES_ERROR;
				CLANG_WARN_EMPTY_BODY = YES;
				CLANG_WARN_ENUM_CONVERSION = YES;
				CLANG_WARN_INT_CONVERSION = YES;
				CLANG_WARN_OBJC_ROOT_CLASS = YES_ERROR;
				CLANG_WARN_UNREACHABLE_CODE = YES;
				CLANG_WARN__DUPLICATE_METHOD_MATCH = YES;
				COPY_PHASE_STRIP = NO;
				DEBUG_INFORMATION_FORMAT = "dwarf-with-dsym";
				ENABLE_NS_ASSERTIONS = NO;
				ENABLE_STRICT_OBJC_MSGSEND = YES;
				GCC_C_LANGUAGE_STANDARD = gnu99;
				GCC_NO_COMMON_BLOCKS = YES;
				GCC_WARN_64_TO_32_BIT_CONVERSION = YES;
				GCC_WARN_ABOUT_RETURN_TYPE = YES_ERROR;
				GCC_WARN_UNDECLARED_SELECTOR = YES;
				GCC_WARN_UNINITIALIZED_AUTOS = YES_AGGRESSIVE;
				GCC_WARN_UNUSED_FUNCTION = YES;
				GCC_WARN_UNUSED_VARIABLE = YES;
				HEADER_SEARCH_PATHS = (
					"$(inherited)",
					/Applications/Xcode.app/Contents/Developer/Toolchains/XcodeDefault.xctoolchain/usr/include,
					"$(PROJECT_DIR)/Framework/glew/Include",
					"$(PROJECT_DIR)/Framework/LJIT/include",
					"$(PROJECT_DIR)/Framework/assimp/Include",
				);
				LIBRARY_SEARCH_PATHS = (
					"$(inherited)",
					"$(PROJECT_DIR)/Framework/glew/Debug",
					"$(PROJECT_DIR)/Framework/LJIT/lib",
					"$(PROJECT_DIR)/Framework/assimp/Debug",
					"$(PROJECT_DIR)/Framework/assimp/Release",
					"$(PROJECT_DIR)/Framework/glew/Release",
				);
				MACOSX_DEPLOYMENT_TARGET = 10.10;
				MTL_ENABLE_DEBUG_INFO = NO;
				SDKROOT = macosx;
			};
			name = Release;
		};
		E53768771BA6D3B600D0BC14 /* Debug */ = {
			isa = XCBuildConfiguration;
			buildSettings = {
				FRAMEWORK_SEARCH_PATHS = (
					"$(inherited)",
					"$(PROJECT_DIR)/Framework",
				);
				GCC_PREPROCESSOR_DEFINITIONS = (
					__MACOSX_CORE__,
					DEBUG,
				);
				HEADER_SEARCH_PATHS = (
					"$(inherited)",
					/Applications/Xcode.app/Contents/Developer/Toolchains/XcodeDefault.xctoolchain/usr/include,
					"$(PROJECT_DIR)/Framework/glew/Include",
					"$(PROJECT_DIR)/Framework/LJIT/include",
					"$(PROJECT_DIR)/Framework/assimp/Include",
					"$(PROJECT_DIR)/Framework/FMOD/Include",
				);
				INSTALL_PATH = "@rpath";
				LIBRARY_SEARCH_PATHS = (
					"$(inherited)",
					"$(PROJECT_DIR)/Framework/glew/Debug",
					"$(PROJECT_DIR)/Framework/LJIT/lib",
					"$(PROJECT_DIR)/Framework/assimp/Debug",
					"$(PROJECT_DIR)/Framework/assimp/Release",
					"$(PROJECT_DIR)/Framework/FMOD/Mac/lowlevel/lib",
					"$(PROJECT_DIR)/Framework/FMOD/Mac/studio/lib",
				);
				OTHER_CFLAGS = "";
				OTHER_CPLUSPLUSFLAGS = "";
				OTHER_LDFLAGS = (
					"-pagezero_size",
					10000,
					"-image_base",
					100000000,
				);
				OTHER_LIBTOOLFLAGS = "";
				PRODUCT_NAME = "$(TARGET_NAME)";
			};
			name = Debug;
		};
		E53768781BA6D3B600D0BC14 /* Release */ = {
			isa = XCBuildConfiguration;
			buildSettings = {
				FRAMEWORK_SEARCH_PATHS = (
					"$(inherited)",
					"$(PROJECT_DIR)/Framework",
				);
				GCC_PREPROCESSOR_DEFINITIONS = __MACOSX_CORE__;
				HEADER_SEARCH_PATHS = (
					"$(inherited)",
					/Applications/Xcode.app/Contents/Developer/Toolchains/XcodeDefault.xctoolchain/usr/include,
					"$(PROJECT_DIR)/Framework/glew/Include",
					"$(PROJECT_DIR)/Framework/LJIT/include",
					"$(PROJECT_DIR)/Framework/assimp/Include",
					"$(PROJECT_DIR)/Framework/FMOD/Include",
				);
				INSTALL_PATH = "@rpath";
				LIBRARY_SEARCH_PATHS = (
					"$(inherited)",
					"$(PROJECT_DIR)/Framework/glew/Release",
					"$(PROJECT_DIR)/Framework/LJIT/lib",
					"$(PROJECT_DIR)/Framework/assimp/Release",
					"$(PROJECT_DIR)/Framework/assimp/Debug",
					"$(PROJECT_DIR)/Framework/FMOD/Mac/lowlevel/lib",
					"$(PROJECT_DIR)/Framework/FMOD/Mac/studio/lib",
				);
				OTHER_CFLAGS = "";
				OTHER_CPLUSPLUSFLAGS = "";
				OTHER_LDFLAGS = (
					"-pagezero_size",
					10000,
					"-image_base",
					100000000,
				);
				OTHER_LIBTOOLFLAGS = "";
				PRODUCT_NAME = "$(TARGET_NAME)";
			};
			name = Release;
		};
/* End XCBuildConfiguration section */

/* Begin XCConfigurationList section */
		E537686A1BA6D3B600D0BC14 /* Build configuration list for PBXProject "VroomVroom" */ = {
			isa = XCConfigurationList;
			buildConfigurations = (
				E53768741BA6D3B600D0BC14 /* Debug */,
				E53768751BA6D3B600D0BC14 /* Release */,
			);
			defaultConfigurationIsVisible = 0;
			defaultConfigurationName = Release;
		};
		E53768761BA6D3B600D0BC14 /* Build configuration list for PBXNativeTarget "VroomVroom" */ = {
			isa = XCConfigurationList;
			buildConfigurations = (
				E53768771BA6D3B600D0BC14 /* Debug */,
				E53768781BA6D3B600D0BC14 /* Release */,
			);
			defaultConfigurationIsVisible = 0;
			defaultConfigurationName = Release;
		};
/* End XCConfigurationList section */
	};
	rootObject = E53768671BA6D3B600D0BC14 /* Project object */;
}
