// !$*UTF8*$!
{
	archiveVersion = 1;
	classes = {
	};
	objectVersion = 46;
	objects = {

/* Begin PBXBuildFile section */
		23A4AF551BB2DE3100948D72 /* content.cpp in Sources */ = {isa = PBXBuildFile; fileRef = 23A4AF531BB2DE3100948D72 /* content.cpp */; settings = {ASSET_TAGS = (); }; };
		23CBC8721BB2983F00C02E36 /* libGLEW.dylib in CopyFiles */ = {isa = PBXBuildFile; fileRef = E54D30901BB29675006FBC68 /* libGLEW.dylib */; };
		23CBC8741BB2A8E000C02E36 /* libluajit-5.1.2.0.4.dylib in Frameworks */ = {isa = PBXBuildFile; fileRef = 23CBC8731BB2A8E000C02E36 /* libluajit-5.1.2.0.4.dylib */; };
		E537687A1BA6D3CE00D0BC14 /* OpenGL.framework in Frameworks */ = {isa = PBXBuildFile; fileRef = E53768791BA6D3CE00D0BC14 /* OpenGL.framework */; };
		E54D308F1BB29665006FBC68 /* SDL2.framework in Frameworks */ = {isa = PBXBuildFile; fileRef = E54D308E1BB29665006FBC68 /* SDL2.framework */; };
		E54D30911BB29675006FBC68 /* libGLEW.dylib in Frameworks */ = {isa = PBXBuildFile; fileRef = E54D30901BB29675006FBC68 /* libGLEW.dylib */; };
		E54D30981BB2AD45006FBC68 /* renderer.cpp in Sources */ = {isa = PBXBuildFile; fileRef = E54D30971BB2AD45006FBC68 /* renderer.cpp */; settings = {ASSET_TAGS = (); }; };
		E556DB6C1BB4A90100F6D29E /* libassimp.3.1.1.dylib in Frameworks */ = {isa = PBXBuildFile; fileRef = E556DB6B1BB4A90100F6D29E /* libassimp.3.1.1.dylib */; };
		E567A8F51BB1470200B8F6C3 /* imgui_demo.cpp in Sources */ = {isa = PBXBuildFile; fileRef = E567A8E81BB1470200B8F6C3 /* imgui_demo.cpp */; settings = {ASSET_TAGS = (); }; };
		E567A8F61BB1470200B8F6C3 /* imgui_draw.cpp in Sources */ = {isa = PBXBuildFile; fileRef = E567A8E91BB1470200B8F6C3 /* imgui_draw.cpp */; settings = {ASSET_TAGS = (); }; };
		E567A8F71BB1470200B8F6C3 /* imgui_impl_sdl.cpp in Sources */ = {isa = PBXBuildFile; fileRef = E567A8EA1BB1470200B8F6C3 /* imgui_impl_sdl.cpp */; settings = {ASSET_TAGS = (); }; };
		E567A8F81BB1470200B8F6C3 /* imgui.cpp in Sources */ = {isa = PBXBuildFile; fileRef = E567A8ED1BB1470200B8F6C3 /* imgui.cpp */; settings = {ASSET_TAGS = (); }; };
		E567A8F91BB1470200B8F6C3 /* main.cpp in Sources */ = {isa = PBXBuildFile; fileRef = E567A8EF1BB1470200B8F6C3 /* main.cpp */; settings = {ASSET_TAGS = (); }; };
		E5E958F51BB42B2600B83D27 /* shader.cpp in Sources */ = {isa = PBXBuildFile; fileRef = E5E958F31BB42B2600B83D27 /* shader.cpp */; settings = {ASSET_TAGS = (); }; };
/* End PBXBuildFile section */

/* Begin PBXCopyFilesBuildPhase section */
		E537686D1BA6D3B600D0BC14 /* CopyFiles */ = {
			isa = PBXCopyFilesBuildPhase;
			buildActionMask = 12;
			dstPath = "";
			dstSubfolderSpec = 16;
			files = (
				23CBC8721BB2983F00C02E36 /* libGLEW.dylib in CopyFiles */,
			);
			runOnlyForDeploymentPostprocessing = 0;
		};
/* End PBXCopyFilesBuildPhase section */

/* Begin PBXFileReference section */
		23A4AF531BB2DE3100948D72 /* content.cpp */ = {isa = PBXFileReference; fileEncoding = 4; lastKnownFileType = sourcecode.cpp.cpp; name = content.cpp; path = src/content.cpp; sourceTree = SOURCE_ROOT; };
		23A4AF541BB2DE3100948D72 /* content.h */ = {isa = PBXFileReference; fileEncoding = 4; lastKnownFileType = sourcecode.c.h; name = content.h; path = src/content.h; sourceTree = SOURCE_ROOT; };
		23CBC8731BB2A8E000C02E36 /* libluajit-5.1.2.0.4.dylib */ = {isa = PBXFileReference; lastKnownFileType = "compiled.mach-o.dylib"; name = "libluajit-5.1.2.0.4.dylib"; path = "Framework/LJIT/lib/libluajit-5.1.2.0.4.dylib"; sourceTree = "<group>"; };
		E537686F1BA6D3B600D0BC14 /* VroomVroom */ = {isa = PBXFileReference; explicitFileType = "compiled.mach-o.executable"; includeInIndex = 0; path = VroomVroom; sourceTree = BUILT_PRODUCTS_DIR; };
		E53768791BA6D3CE00D0BC14 /* OpenGL.framework */ = {isa = PBXFileReference; lastKnownFileType = wrapper.framework; name = OpenGL.framework; path = System/Library/Frameworks/OpenGL.framework; sourceTree = SDKROOT; };
		E54D308E1BB29665006FBC68 /* SDL2.framework */ = {isa = PBXFileReference; lastKnownFileType = wrapper.framework; name = SDL2.framework; path = Framework/SDL2.framework; sourceTree = "<group>"; };
		E54D30901BB29675006FBC68 /* libGLEW.dylib */ = {isa = PBXFileReference; lastKnownFileType = "compiled.mach-o.dylib"; name = libGLEW.dylib; path = Framework/glew/Release/libGLEW.dylib; sourceTree = "<group>"; };
		E54D30971BB2AD45006FBC68 /* renderer.cpp */ = {isa = PBXFileReference; fileEncoding = 4; lastKnownFileType = sourcecode.cpp.cpp; name = renderer.cpp; path = src/renderer.cpp; sourceTree = SOURCE_ROOT; };
		E54D309A1BB2AD66006FBC68 /* renderer.h */ = {isa = PBXFileReference; fileEncoding = 4; lastKnownFileType = sourcecode.c.h; name = renderer.h; path = src/renderer.h; sourceTree = SOURCE_ROOT; };
		E54D309B1BB2D9C6006FBC68 /* glm */ = {isa = PBXFileReference; lastKnownFileType = folder; name = glm; path = src/glm; sourceTree = SOURCE_ROOT; };
		E556DB6B1BB4A90100F6D29E /* libassimp.3.1.1.dylib */ = {isa = PBXFileReference; lastKnownFileType = "compiled.mach-o.dylib"; name = libassimp.3.1.1.dylib; path = Framework/assimp/Release/libassimp.3.1.1.dylib; sourceTree = "<group>"; };
		E567A8E71BB1470200B8F6C3 /* imconfig.h */ = {isa = PBXFileReference; fileEncoding = 4; lastKnownFileType = sourcecode.c.h; name = imconfig.h; path = src/imconfig.h; sourceTree = SOURCE_ROOT; };
		E567A8E81BB1470200B8F6C3 /* imgui_demo.cpp */ = {isa = PBXFileReference; fileEncoding = 4; lastKnownFileType = sourcecode.cpp.cpp; name = imgui_demo.cpp; path = src/imgui_demo.cpp; sourceTree = SOURCE_ROOT; };
		E567A8E91BB1470200B8F6C3 /* imgui_draw.cpp */ = {isa = PBXFileReference; fileEncoding = 4; lastKnownFileType = sourcecode.cpp.cpp; name = imgui_draw.cpp; path = src/imgui_draw.cpp; sourceTree = SOURCE_ROOT; };
		E567A8EA1BB1470200B8F6C3 /* imgui_impl_sdl.cpp */ = {isa = PBXFileReference; fileEncoding = 4; lastKnownFileType = sourcecode.cpp.cpp; name = imgui_impl_sdl.cpp; path = src/imgui_impl_sdl.cpp; sourceTree = SOURCE_ROOT; };
		E567A8EB1BB1470200B8F6C3 /* imgui_impl_sdl.h */ = {isa = PBXFileReference; fileEncoding = 4; lastKnownFileType = sourcecode.c.h; name = imgui_impl_sdl.h; path = src/imgui_impl_sdl.h; sourceTree = SOURCE_ROOT; };
		E567A8EC1BB1470200B8F6C3 /* imgui_internal.h */ = {isa = PBXFileReference; fileEncoding = 4; lastKnownFileType = sourcecode.c.h; name = imgui_internal.h; path = src/imgui_internal.h; sourceTree = SOURCE_ROOT; };
		E567A8ED1BB1470200B8F6C3 /* imgui.cpp */ = {isa = PBXFileReference; fileEncoding = 4; lastKnownFileType = sourcecode.cpp.cpp; name = imgui.cpp; path = src/imgui.cpp; sourceTree = SOURCE_ROOT; };
		E567A8EE1BB1470200B8F6C3 /* imgui.h */ = {isa = PBXFileReference; fileEncoding = 4; lastKnownFileType = sourcecode.c.h; name = imgui.h; path = src/imgui.h; sourceTree = SOURCE_ROOT; };
		E567A8EF1BB1470200B8F6C3 /* main.cpp */ = {isa = PBXFileReference; fileEncoding = 4; lastKnownFileType = sourcecode.cpp.cpp; name = main.cpp; path = src/main.cpp; sourceTree = SOURCE_ROOT; };
		E567A8F21BB1470200B8F6C3 /* stb_rect_pack.h */ = {isa = PBXFileReference; fileEncoding = 4; lastKnownFileType = sourcecode.c.h; name = stb_rect_pack.h; path = src/stb_rect_pack.h; sourceTree = SOURCE_ROOT; };
		E567A8F31BB1470200B8F6C3 /* stb_textedit.h */ = {isa = PBXFileReference; fileEncoding = 4; lastKnownFileType = sourcecode.c.h; name = stb_textedit.h; path = src/stb_textedit.h; sourceTree = SOURCE_ROOT; };
		E567A8F41BB1470200B8F6C3 /* stb_truetype.h */ = {isa = PBXFileReference; fileEncoding = 4; lastKnownFileType = sourcecode.c.h; name = stb_truetype.h; path = src/stb_truetype.h; sourceTree = SOURCE_ROOT; };
		E5E958F31BB42B2600B83D27 /* shader.cpp */ = {isa = PBXFileReference; fileEncoding = 4; lastKnownFileType = sourcecode.cpp.cpp; name = shader.cpp; path = src/shader.cpp; sourceTree = SOURCE_ROOT; };
		E5E958F41BB42B2600B83D27 /* shader.h */ = {isa = PBXFileReference; fileEncoding = 4; lastKnownFileType = sourcecode.c.h; name = shader.h; path = src/shader.h; sourceTree = SOURCE_ROOT; };
/* End PBXFileReference section */

/* Begin PBXFrameworksBuildPhase section */
		E537686C1BA6D3B600D0BC14 /* Frameworks */ = {
			isa = PBXFrameworksBuildPhase;
			buildActionMask = 2147483647;
			files = (
				E556DB6C1BB4A90100F6D29E /* libassimp.3.1.1.dylib in Frameworks */,
				23CBC8741BB2A8E000C02E36 /* libluajit-5.1.2.0.4.dylib in Frameworks */,
				E54D30911BB29675006FBC68 /* libGLEW.dylib in Frameworks */,
				E54D308F1BB29665006FBC68 /* SDL2.framework in Frameworks */,
				E537687A1BA6D3CE00D0BC14 /* OpenGL.framework in Frameworks */,
			);
			runOnlyForDeploymentPostprocessing = 0;
		};
/* End PBXFrameworksBuildPhase section */

/* Begin PBXGroup section */
		E53768661BA6D3B600D0BC14 = {
			isa = PBXGroup;
			children = (
				E556DB6B1BB4A90100F6D29E /* libassimp.3.1.1.dylib */,
				23CBC8731BB2A8E000C02E36 /* libluajit-5.1.2.0.4.dylib */,
				E54D30901BB29675006FBC68 /* libGLEW.dylib */,
				E54D308E1BB29665006FBC68 /* SDL2.framework */,
				E53768791BA6D3CE00D0BC14 /* OpenGL.framework */,
				E53768711BA6D3B600D0BC14 /* VroomVroom */,
				E53768701BA6D3B600D0BC14 /* Products */,
			);
			sourceTree = "<group>";
		};
		E53768701BA6D3B600D0BC14 /* Products */ = {
			isa = PBXGroup;
			children = (
				E537686F1BA6D3B600D0BC14 /* VroomVroom */,
			);
			name = Products;
			sourceTree = "<group>";
		};
		E53768711BA6D3B600D0BC14 /* VroomVroom */ = {
			isa = PBXGroup;
			children = (
				E54D309B1BB2D9C6006FBC68 /* glm */,
				E567A8E71BB1470200B8F6C3 /* imconfig.h */,
				E567A8E81BB1470200B8F6C3 /* imgui_demo.cpp */,
				E567A8E91BB1470200B8F6C3 /* imgui_draw.cpp */,
				E567A8EA1BB1470200B8F6C3 /* imgui_impl_sdl.cpp */,
				E567A8EB1BB1470200B8F6C3 /* imgui_impl_sdl.h */,
				E567A8EC1BB1470200B8F6C3 /* imgui_internal.h */,
				E567A8ED1BB1470200B8F6C3 /* imgui.cpp */,
				E567A8EE1BB1470200B8F6C3 /* imgui.h */,
				E567A8EF1BB1470200B8F6C3 /* main.cpp */,
				E567A8F21BB1470200B8F6C3 /* stb_rect_pack.h */,
				E567A8F31BB1470200B8F6C3 /* stb_textedit.h */,
				E567A8F41BB1470200B8F6C3 /* stb_truetype.h */,
				E54D30971BB2AD45006FBC68 /* renderer.cpp */,
				E54D309A1BB2AD66006FBC68 /* renderer.h */,
				23A4AF531BB2DE3100948D72 /* content.cpp */,
				23A4AF541BB2DE3100948D72 /* content.h */,
				E5E958F31BB42B2600B83D27 /* shader.cpp */,
				E5E958F41BB42B2600B83D27 /* shader.h */,
			);
			path = VroomVroom;
			sourceTree = "<group>";
		};
/* End PBXGroup section */

/* Begin PBXNativeTarget section */
		E537686E1BA6D3B600D0BC14 /* VroomVroom */ = {
			isa = PBXNativeTarget;
			buildConfigurationList = E53768761BA6D3B600D0BC14 /* Build configuration list for PBXNativeTarget "VroomVroom" */;
			buildPhases = (
				E537686B1BA6D3B600D0BC14 /* Sources */,
				E537686C1BA6D3B600D0BC14 /* Frameworks */,
				E537686D1BA6D3B600D0BC14 /* CopyFiles */,
			);
			buildRules = (
			);
			dependencies = (
			);
			name = VroomVroom;
			productName = VroomVroom;
			productReference = E537686F1BA6D3B600D0BC14 /* VroomVroom */;
			productType = "com.apple.product-type.tool";
		};
/* End PBXNativeTarget section */

/* Begin PBXProject section */
		E53768671BA6D3B600D0BC14 /* Project object */ = {
			isa = PBXProject;
			attributes = {
				LastUpgradeCheck = 0700;
				ORGANIZATIONNAME = "Valentinas Rimeika";
				TargetAttributes = {
					E537686E1BA6D3B600D0BC14 = {
						CreatedOnToolsVersion = 6.4;
					};
				};
			};
			buildConfigurationList = E537686A1BA6D3B600D0BC14 /* Build configuration list for PBXProject "VroomVroom" */;
			compatibilityVersion = "Xcode 3.2";
			developmentRegion = English;
			hasScannedForEncodings = 0;
			knownRegions = (
				en,
			);
			mainGroup = E53768661BA6D3B600D0BC14;
			productRefGroup = E53768701BA6D3B600D0BC14 /* Products */;
			projectDirPath = "";
			projectRoot = "";
			targets = (
				E537686E1BA6D3B600D0BC14 /* VroomVroom */,
			);
		};
/* End PBXProject section */

/* Begin PBXSourcesBuildPhase section */
		E537686B1BA6D3B600D0BC14 /* Sources */ = {
			isa = PBXSourcesBuildPhase;
			buildActionMask = 2147483647;
			files = (
				E567A8F51BB1470200B8F6C3 /* imgui_demo.cpp in Sources */,
				E567A8F81BB1470200B8F6C3 /* imgui.cpp in Sources */,
				E5E958F51BB42B2600B83D27 /* shader.cpp in Sources */,
				E567A8F61BB1470200B8F6C3 /* imgui_draw.cpp in Sources */,
				E567A8F91BB1470200B8F6C3 /* main.cpp in Sources */,
				E54D30981BB2AD45006FBC68 /* renderer.cpp in Sources */,
				23A4AF551BB2DE3100948D72 /* content.cpp in Sources */,
				E567A8F71BB1470200B8F6C3 /* imgui_impl_sdl.cpp in Sources */,
			);
			runOnlyForDeploymentPostprocessing = 0;
		};
/* End PBXSourcesBuildPhase section */

/* Begin XCBuildConfiguration section */
		E53768741BA6D3B600D0BC14 /* Debug */ = {
			isa = XCBuildConfiguration;
			buildSettings = {
				ALWAYS_SEARCH_USER_PATHS = NO;
				CLANG_CXX_LANGUAGE_STANDARD = "gnu++0x";
				CLANG_CXX_LIBRARY = "libc++";
				CLANG_ENABLE_MODULES = YES;
				CLANG_ENABLE_OBJC_ARC = YES;
				CLANG_WARN_BOOL_CONVERSION = YES;
				CLANG_WARN_CONSTANT_CONVERSION = YES;
				CLANG_WARN_DIRECT_OBJC_ISA_USAGE = YES_ERROR;
				CLANG_WARN_EMPTY_BODY = YES;
				CLANG_WARN_ENUM_CONVERSION = YES;
				CLANG_WARN_INT_CONVERSION = YES;
				CLANG_WARN_OBJC_ROOT_CLASS = YES_ERROR;
				CLANG_WARN_UNREACHABLE_CODE = YES;
				CLANG_WARN__DUPLICATE_METHOD_MATCH = YES;
				COPY_PHASE_STRIP = NO;
				DEBUG_INFORMATION_FORMAT = dwarf;
				ENABLE_STRICT_OBJC_MSGSEND = YES;
				ENABLE_TESTABILITY = YES;
				GCC_C_LANGUAGE_STANDARD = gnu99;
				GCC_DYNAMIC_NO_PIC = NO;
				GCC_NO_COMMON_BLOCKS = YES;
				GCC_OPTIMIZATION_LEVEL = 0;
				GCC_PREPROCESSOR_DEFINITIONS = (
					"DEBUG=1",
					"$(inherited)",
				);
				GCC_SYMBOLS_PRIVATE_EXTERN = NO;
				GCC_WARN_64_TO_32_BIT_CONVERSION = YES;
				GCC_WARN_ABOUT_RETURN_TYPE = YES_ERROR;
				GCC_WARN_UNDECLARED_SELECTOR = YES;
				GCC_WARN_UNINITIALIZED_AUTOS = YES_AGGRESSIVE;
				GCC_WARN_UNUSED_FUNCTION = YES;
				GCC_WARN_UNUSED_VARIABLE = YES;
				MACOSX_DEPLOYMENT_TARGET = 10.10;
				MTL_ENABLE_DEBUG_INFO = YES;
				ONLY_ACTIVE_ARCH = YES;
				SDKROOT = macosx;
			};
			name = Debug;
		};
		E53768751BA6D3B600D0BC14 /* Release */ = {
			isa = XCBuildConfiguration;
			buildSettings = {
				ALWAYS_SEARCH_USER_PATHS = NO;
				CLANG_CXX_LANGUAGE_STANDARD = "gnu++0x";
				CLANG_CXX_LIBRARY = "libc++";
				CLANG_ENABLE_MODULES = YES;
				CLANG_ENABLE_OBJC_ARC = YES;
				CLANG_WARN_BOOL_CONVERSION = YES;
				CLANG_WARN_CONSTANT_CONVERSION = YES;
				CLANG_WARN_DIRECT_OBJC_ISA_USAGE = YES_ERROR;
				CLANG_WARN_EMPTY_BODY = YES;
				CLANG_WARN_ENUM_CONVERSION = YES;
				CLANG_WARN_INT_CONVERSION = YES;
				CLANG_WARN_OBJC_ROOT_CLASS = YES_ERROR;
				CLANG_WARN_UNREACHABLE_CODE = YES;
				CLANG_WARN__DUPLICATE_METHOD_MATCH = YES;
				COPY_PHASE_STRIP = NO;
				DEBUG_INFORMATION_FORMAT = "dwarf-with-dsym";
				ENABLE_NS_ASSERTIONS = NO;
				ENABLE_STRICT_OBJC_MSGSEND = YES;
				GCC_C_LANGUAGE_STANDARD = gnu99;
				GCC_NO_COMMON_BLOCKS = YES;
				GCC_WARN_64_TO_32_BIT_CONVERSION = YES;
				GCC_WARN_ABOUT_RETURN_TYPE = YES_ERROR;
				GCC_WARN_UNDECLARED_SELECTOR = YES;
				GCC_WARN_UNINITIALIZED_AUTOS = YES_AGGRESSIVE;
				GCC_WARN_UNUSED_FUNCTION = YES;
				GCC_WARN_UNUSED_VARIABLE = YES;
				MACOSX_DEPLOYMENT_TARGET = 10.10;
				MTL_ENABLE_DEBUG_INFO = NO;
				SDKROOT = macosx;
			};
			name = Release;
		};
		E53768771BA6D3B600D0BC14 /* Debug */ = {
			isa = XCBuildConfiguration;
			buildSettings = {
				FRAMEWORK_SEARCH_PATHS = (
					"$(inherited)",
					"$(PROJECT_DIR)/Framework",
				);
				HEADER_SEARCH_PATHS = (
					"$(inherited)",
					/Applications/Xcode.app/Contents/Developer/Toolchains/XcodeDefault.xctoolchain/usr/include,
					"$(PROJECT_DIR)/Framework/glew/Include",
					"$(PROJECT_DIR)/Framework/LJIT/include",
					"$(PROJECT_DIR)/Framework/assimp/Include",
				);
				LIBRARY_SEARCH_PATHS = (
					"$(inherited)",
					"$(PROJECT_DIR)/Framework/glew/Debug",
					"$(PROJECT_DIR)/Framework/glew/Release",
					"$(PROJECT_DIR)/Framework/LJIT/lib",
					"$(PROJECT_DIR)/Framework/assimp/Release",
				);
				OTHER_CFLAGS = "";
				OTHER_CPLUSPLUSFLAGS = "";
				OTHER_LDFLAGS = (
					"-pagezero_size",
					10000,
					"-image_base",
					100000000,
				);
				PRODUCT_NAME = "$(TARGET_NAME)";
			};
			name = Debug;
		};
		E53768781BA6D3B600D0BC14 /* Release */ = {
			isa = XCBuildConfiguration;
			buildSettings = {
				FRAMEWORK_SEARCH_PATHS = (
					"$(inherited)",
					"$(PROJECT_DIR)/Framework",
				);
				HEADER_SEARCH_PATHS = (
					"$(inherited)",
					/Applications/Xcode.app/Contents/Developer/Toolchains/XcodeDefault.xctoolchain/usr/include,
					"$(PROJECT_DIR)/Framework/glew/Include",
					"$(PROJECT_DIR)/Framework/LJIT/include",
					"$(PROJECT_DIR)/Framework/assimp/Include",
				);
				LIBRARY_SEARCH_PATHS = (
					"$(inherited)",
					"$(PROJECT_DIR)/Framework/glew/Debug",
					"$(PROJECT_DIR)/Framework/glew/Release",
					"$(PROJECT_DIR)/Framework/LJIT/lib",
					"$(PROJECT_DIR)/Framework/assimp/Release",
				);
				OTHER_CFLAGS = "";
				OTHER_CPLUSPLUSFLAGS = "";
				OTHER_LDFLAGS = (
					"-pagezero_size",
					10000,
					"-image_base",
					100000000,
				);
				PRODUCT_NAME = "$(TARGET_NAME)";
			};
			name = Release;
		};
/* End XCBuildConfiguration section */

/* Begin XCConfigurationList section */
		E537686A1BA6D3B600D0BC14 /* Build configuration list for PBXProject "VroomVroom" */ = {
			isa = XCConfigurationList;
			buildConfigurations = (
				E53768741BA6D3B600D0BC14 /* Debug */,
				E53768751BA6D3B600D0BC14 /* Release */,
			);
			defaultConfigurationIsVisible = 0;
			defaultConfigurationName = Release;
		};
		E53768761BA6D3B600D0BC14 /* Build configuration list for PBXNativeTarget "VroomVroom" */ = {
			isa = XCConfigurationList;
			buildConfigurations = (
				E53768771BA6D3B600D0BC14 /* Debug */,
				E53768781BA6D3B600D0BC14 /* Release */,
			);
			defaultConfigurationIsVisible = 0;
			defaultConfigurationName = Release;
		};
/* End XCConfigurationList section */
	};
	rootObject = E53768671BA6D3B600D0BC14 /* Project object */;
}
