<?xml version="1.0" encoding="utf-8"?>
<Project ToolsVersion="4.0" xmlns="http://schemas.microsoft.com/developer/msbuild/2003">
  <ItemGroup>
    <Filter Include="Source Files">
      <UniqueIdentifier>{4FC737F1-C7A5-4376-A066-2A32D752A2FF}</UniqueIdentifier>
      <Extensions>cpp;c;cc;cxx;def;odl;idl;hpj;bat;asm;asmx</Extensions>
    </Filter>
    <Filter Include="Header Files">
      <UniqueIdentifier>{93995380-89BD-4b04-88EB-625FBE52EBFB}</UniqueIdentifier>
      <Extensions>h;hh;hpp;hxx;hm;inl;inc;xsd</Extensions>
    </Filter>
    <Filter Include="Resource Files">
      <UniqueIdentifier>{67DA6AB6-F800-4c08-8B7A-83BB121AAD01}</UniqueIdentifier>
      <Extensions>rc;ico;cur;bmp;dlg;rc2;rct;bin;rgs;gif;jpg;jpeg;jpe;resx;tiff;tif;png;wav;mfcribbon-ms</Extensions>
    </Filter>
    <Filter Include="VroomVroom">
      <UniqueIdentifier>{5b6a4fc9-b970-4582-ae49-55006319270d}</UniqueIdentifier>
    </Filter>
    <Filter Include="VroomVroom\Utilities">
      <UniqueIdentifier>{c7b4a32c-4655-499d-bfc0-7a9783fb3268}</UniqueIdentifier>
    </Filter>
    <Filter Include="VroomVroom\Patterns">
      <UniqueIdentifier>{280729dd-832f-46e4-a4bc-dc1c1bab8769}</UniqueIdentifier>
    </Filter>
    <Filter Include="VroomVroom\Networking">
      <UniqueIdentifier>{75c980ea-ce55-465e-92e7-454d2f9dadfc}</UniqueIdentifier>
    </Filter>
    <Filter Include="VroomVroom\Tests">
      <UniqueIdentifier>{3ce4750d-d5d6-483a-b1ca-d48c150ae596}</UniqueIdentifier>
    </Filter>
    <Filter Include="VroomVroom\IO">
      <UniqueIdentifier>{9f51550f-7c42-4a2d-8fb9-dc235095f037}</UniqueIdentifier>
    </Filter>
    <Filter Include="Modules">
      <UniqueIdentifier>{ee573f7e-215d-4651-bdb7-db683526c2dc}</UniqueIdentifier>
    </Filter>
  </ItemGroup>
  <ItemGroup>
    <ClInclude Include="..\..\src\imconfig.h">
      <Filter>VroomVroom</Filter>
    </ClInclude>
    <ClInclude Include="..\..\src\imgui.h">
      <Filter>VroomVroom</Filter>
    </ClInclude>
    <ClInclude Include="..\..\src\imgui_impl_sdl.h">
      <Filter>VroomVroom</Filter>
    </ClInclude>
    <ClInclude Include="..\..\src\imgui_internal.h">
      <Filter>VroomVroom</Filter>
    </ClInclude>
    <ClInclude Include="..\..\src\stb_rect_pack.h">
      <Filter>VroomVroom</Filter>
    </ClInclude>
    <ClInclude Include="..\..\src\stb_textedit.h">
      <Filter>VroomVroom</Filter>
    </ClInclude>
    <ClInclude Include="..\..\src\stb_truetype.h">
      <Filter>VroomVroom</Filter>
    </ClInclude>
    <ClInclude Include="..\..\src\standardIncludes.h">
      <Filter>VroomVroom</Filter>
    </ClInclude>
    <ClInclude Include="..\..\src\typedef.h">
      <Filter>VroomVroom</Filter>
    </ClInclude>
    <ClInclude Include="..\..\src\content.h">
      <Filter>VroomVroom</Filter>
    </ClInclude>
    <ClInclude Include="..\..\src\renderer.h">
      <Filter>VroomVroom</Filter>
    </ClInclude>
    <ClInclude Include="..\..\src\shader.h">
      <Filter>VroomVroom</Filter>
    </ClInclude>
    <ClInclude Include="..\..\src\Utilities\random.h">
      <Filter>VroomVroom\Utilities</Filter>
    </ClInclude>
    <ClInclude Include="..\..\src\Utilities\helperFunctions.h">
      <Filter>VroomVroom\Utilities</Filter>
    </ClInclude>
    <ClInclude Include="..\..\src\Patterns\singleton.h">
      <Filter>VroomVroom\Patterns</Filter>
    </ClInclude>
    <ClInclude Include="..\..\src\Utilities\base64.h">
      <Filter>VroomVroom\Utilities</Filter>
    </ClInclude>
    <ClInclude Include="..\..\src\Networking\UDPMessage.h">
      <Filter>VroomVroom\Networking</Filter>
    </ClInclude>
    <ClInclude Include="..\..\src\Networking\TCPClient.h">
      <Filter>VroomVroom\Networking</Filter>
    </ClInclude>
    <ClInclude Include="..\..\src\Networking\TCPServer.h">
      <Filter>VroomVroom\Networking</Filter>
    </ClInclude>
    <ClInclude Include="..\..\src\console.h">
      <Filter>VroomVroom</Filter>
    </ClInclude>
    <ClInclude Include="..\..\src\luaSystem.h">
      <Filter>VroomVroom</Filter>
    </ClInclude>
    <ClInclude Include="..\..\src\Engine.h">
      <Filter>VroomVroom</Filter>
    </ClInclude>
    <ClInclude Include="..\..\src\Tests\TestCode.h">
      <Filter>VroomVroom\Tests</Filter>
    </ClInclude>
    <ClInclude Include="..\..\src\IO\file.h">
      <Filter>VroomVroom\IO</Filter>
    </ClInclude>
    <ClInclude Include="..\..\src\Clock.hpp">
      <Filter>VroomVroom</Filter>
    </ClInclude>
    <ClInclude Include="..\..\src\component.h">
      <Filter>VroomVroom</Filter>
    </ClInclude>
    <ClInclude Include="..\..\src\cTransform.hpp">
      <Filter>VroomVroom</Filter>
    </ClInclude>
    <ClInclude Include="..\..\src\Input.hpp">
      <Filter>VroomVroom</Filter>
    </ClInclude>
    <ClInclude Include="..\..\src\Modules\mEngine.h">
      <Filter>Modules</Filter>
    </ClInclude>
    <ClInclude Include="..\..\src\Modules\mInput.h">
      <Filter>Modules</Filter>
    </ClInclude>
    <ClInclude Include="..\..\src\Modules\moduleMacros.h">
      <Filter>Modules</Filter>
    </ClInclude>
  </ItemGroup>
  <ItemGroup>
    <ClCompile Include="..\..\src\imgui.cpp">
      <Filter>VroomVroom</Filter>
    </ClCompile>
    <ClCompile Include="..\..\src\imgui_demo.cpp">
      <Filter>VroomVroom</Filter>
    </ClCompile>
    <ClCompile Include="..\..\src\imgui_draw.cpp">
      <Filter>VroomVroom</Filter>
    </ClCompile>
    <ClCompile Include="..\..\src\imgui_impl_sdl.cpp">
      <Filter>VroomVroom</Filter>
    </ClCompile>
    <ClCompile Include="..\..\src\main.cpp">
      <Filter>VroomVroom</Filter>
    </ClCompile>
    <ClCompile Include="..\..\src\content.cpp">
      <Filter>VroomVroom</Filter>
    </ClCompile>
    <ClCompile Include="..\..\src\renderer.cpp">
      <Filter>VroomVroom</Filter>
    </ClCompile>
    <ClCompile Include="..\..\src\shader.cpp">
      <Filter>VroomVroom</Filter>
    </ClCompile>
    <ClCompile Include="..\..\src\Utilities\random.cpp">
      <Filter>VroomVroom\Utilities</Filter>
    </ClCompile>
    <ClCompile Include="..\..\src\Utilities\helperFunctions.cpp">
      <Filter>VroomVroom\Utilities</Filter>
    </ClCompile>
    <ClCompile Include="..\..\src\Utilities\base64.cpp">
      <Filter>VroomVroom\Utilities</Filter>
    </ClCompile>
    <ClCompile Include="..\..\src\Networking\UDPMessage.cpp">
      <Filter>VroomVroom\Networking</Filter>
    </ClCompile>
    <ClCompile Include="..\..\src\Networking\TCPClient.cpp">
      <Filter>VroomVroom\Networking</Filter>
    </ClCompile>
    <ClCompile Include="..\..\src\Networking\TCPServer.cpp">
      <Filter>VroomVroom\Networking</Filter>
    </ClCompile>
    <ClCompile Include="..\..\src\console.cpp">
      <Filter>VroomVroom</Filter>
    </ClCompile>
    <ClCompile Include="..\..\src\luaSystem.cpp">
      <Filter>VroomVroom</Filter>
    </ClCompile>
    <ClCompile Include="..\..\src\Engine.cpp">
      <Filter>VroomVroom</Filter>
    </ClCompile>
    <ClCompile Include="..\..\src\Tests\TestCode.cpp">
      <Filter>VroomVroom\Tests</Filter>
    </ClCompile>
    <ClCompile Include="..\..\src\IO\file.cpp">
      <Filter>VroomVroom\IO</Filter>
    </ClCompile>
    <ClCompile Include="..\..\src\Clock.cpp">
      <Filter>VroomVroom</Filter>
    </ClCompile>
    <ClCompile Include="..\..\src\component.cpp">
      <Filter>VroomVroom</Filter>
    </ClCompile>
    <ClCompile Include="..\..\src\cTransform.cpp">
      <Filter>VroomVroom</Filter>
    </ClCompile>
    <ClCompile Include="..\..\src\Input.cpp">
      <Filter>VroomVroom</Filter>
    </ClCompile>
    <ClCompile Include="..\..\src\Modules\mEngine.cpp">
      <Filter>Modules</Filter>
    </ClCompile>
    <ClCompile Include="..\..\src\Modules\mInput.cpp">
      <Filter>Modules</Filter>
    </ClCompile>
  </ItemGroup>
</Project>