<?xml version="1.0" encoding="utf-8"?>
<Project ToolsVersion="4.0" xmlns="http://schemas.microsoft.com/developer/msbuild/2003">
  <ItemGroup>
    <Filter Include="Source Files">
      <UniqueIdentifier>{4FC737F1-C7A5-4376-A066-2A32D752A2FF}</UniqueIdentifier>
      <Extensions>cpp;c;cc;cxx;def;odl;idl;hpj;bat;asm;asmx</Extensions>
    </Filter>
    <Filter Include="Header Files">
      <UniqueIdentifier>{93995380-89BD-4b04-88EB-625FBE52EBFB}</UniqueIdentifier>
      <Extensions>h;hh;hpp;hxx;hm;inl;inc;xsd</Extensions>
    </Filter>
    <Filter Include="Resource Files">
      <UniqueIdentifier>{67DA6AB6-F800-4c08-8B7A-83BB121AAD01}</UniqueIdentifier>
      <Extensions>rc;ico;cur;bmp;dlg;rc2;rct;bin;rgs;gif;jpg;jpeg;jpe;resx;tiff;tif;png;wav;mfcribbon-ms</Extensions>
    </Filter>
    <Filter Include="VroomVroom">
      <UniqueIdentifier>{5b6a4fc9-b970-4582-ae49-55006319270d}</UniqueIdentifier>
    </Filter>
  </ItemGroup>
  <ItemGroup>
    <ClInclude Include="..\..\src\imconfig.h">
      <Filter>VroomVroom</Filter>
    </ClInclude>
    <ClInclude Include="..\..\src\imgui.h">
      <Filter>VroomVroom</Filter>
    </ClInclude>
    <ClInclude Include="..\..\src\imgui_impl_sdl.h">
      <Filter>VroomVroom</Filter>
    </ClInclude>
    <ClInclude Include="..\..\src\imgui_internal.h">
      <Filter>VroomVroom</Filter>
    </ClInclude>
    <ClInclude Include="..\..\src\stb_rect_pack.h">
      <Filter>VroomVroom</Filter>
    </ClInclude>
    <ClInclude Include="..\..\src\stb_textedit.h">
      <Filter>VroomVroom</Filter>
    </ClInclude>
    <ClInclude Include="..\..\src\stb_truetype.h">
      <Filter>VroomVroom</Filter>
    </ClInclude>
    <ClInclude Include="..\..\src\standardIncludes.h">
      <Filter>VroomVroom</Filter>
    </ClInclude>
    <ClInclude Include="..\..\src\typedef.h">
      <Filter>VroomVroom</Filter>
    </ClInclude>
    <ClInclude Include="..\..\src\content.h">
      <Filter>VroomVroom</Filter>
    </ClInclude>
  </ItemGroup>
  <ItemGroup>
    <ClCompile Include="..\..\src\imgui.cpp">
      <Filter>VroomVroom</Filter>
    </ClCompile>
    <ClCompile Include="..\..\src\imgui_demo.cpp">
      <Filter>VroomVroom</Filter>
    </ClCompile>
    <ClCompile Include="..\..\src\imgui_draw.cpp">
      <Filter>VroomVroom</Filter>
    </ClCompile>
    <ClCompile Include="..\..\src\imgui_impl_sdl.cpp">
      <Filter>VroomVroom</Filter>
    </ClCompile>
    <ClCompile Include="..\..\src\main.cpp">
      <Filter>VroomVroom</Filter>
    </ClCompile>
    <ClCompile Include="..\..\src\content.cpp">
      <Filter>VroomVroom</Filter>
    </ClCompile>
  </ItemGroup>
</Project>